// !$*UTF8*$!
{
	archiveVersion = 1;
	classes = {
	};
	objectVersion = 55;
	objects = {

/* Begin PBXBuildFile section */
		0B721685290B21CD004D0AB7 /* SSEMessage.swift in Sources */ = {isa = PBXBuildFile; fileRef = 0B721684290B21CD004D0AB7 /* SSEMessage.swift */; };
		0F2DD75A279EFA6B00540C9D /* CustomData.swift in Sources */ = {isa = PBXBuildFile; fileRef = 0F2DD759279EFA6B00540C9D /* CustomData.swift */; };
		52133B2028DDFB260007691D /* RequestConsolidatorTests.swift in Sources */ = {isa = PBXBuildFile; fileRef = 52133B1F28DDFB260007691D /* RequestConsolidatorTests.swift */; };
		52133B2228DE00BC0007691D /* ProcessConfig.swift in Sources */ = {isa = PBXBuildFile; fileRef = 52133B2128DE00BC0007691D /* ProcessConfig.swift */; };
		52133B2428DE0FEB0007691D /* GetTestConfig.swift in Sources */ = {isa = PBXBuildFile; fileRef = 52133B2328DE0FEB0007691D /* GetTestConfig.swift */; };
		5226DF06290C588900630745 /* NotificationNames.swift in Sources */ = {isa = PBXBuildFile; fileRef = 5226DF05290C588900630745 /* NotificationNames.swift */; };
		52404CEA27F3A9FB00290A31 /* isEqual.swift in Sources */ = {isa = PBXBuildFile; fileRef = 52404CE927F3A9FB00290A31 /* isEqual.swift */; };
		52404CED27F4A92100290A31 /* IsEqualTests.swift in Sources */ = {isa = PBXBuildFile; fileRef = 52404CEC27F4A92100290A31 /* IsEqualTests.swift */; };
		524D58242770F78B00D7CC56 /* ObjCDVCVariable.swift in Sources */ = {isa = PBXBuildFile; fileRef = 524D58232770F78B00D7CC56 /* ObjCDVCVariable.swift */; };
		524F4E60276BDDBD00CB9069 /* DVCVariable.swift in Sources */ = {isa = PBXBuildFile; fileRef = 524F4E5F276BDDBD00CB9069 /* DVCVariable.swift */; };
		524F4E62276D20A600CB9069 /* DVCVariableTests.swift in Sources */ = {isa = PBXBuildFile; fileRef = 524F4E61276D20A500CB9069 /* DVCVariableTests.swift */; };
		5256A99A2798716400E749FF /* ObjCDVCClientTests.m in Sources */ = {isa = PBXBuildFile; fileRef = 5256A9982798716400E749FF /* ObjCDVCClientTests.m */; };
		5256A99B2798716400E749FF /* ObjcDVCUserTests.m in Sources */ = {isa = PBXBuildFile; fileRef = 5256A9992798716400E749FF /* ObjcDVCUserTests.m */; };
		5264A77B275E9A7E00FEDB43 /* ObjCDVCClient.swift in Sources */ = {isa = PBXBuildFile; fileRef = 5264A77A275E9A7E00FEDB43 /* ObjCDVCClient.swift */; };
		5264A781275EB7DC00FEDB43 /* ObjCDVCUser.swift in Sources */ = {isa = PBXBuildFile; fileRef = 5264A780275EB7DC00FEDB43 /* ObjCDVCUser.swift */; };
		5264A78727626A2200FEDB43 /* ObjCErrors.swift in Sources */ = {isa = PBXBuildFile; fileRef = 5264A78627626A2200FEDB43 /* ObjCErrors.swift */; };
		5264A78B2763F6D800FEDB43 /* UserConfig.swift in Sources */ = {isa = PBXBuildFile; fileRef = 5264A78A2763F6D800FEDB43 /* UserConfig.swift */; };
		5264A78E2768E94600FEDB43 /* test_config.json in Resources */ = {isa = PBXBuildFile; fileRef = 5264A78D2768E94500FEDB43 /* test_config.json */; };
		5264A7902768E9F400FEDB43 /* UserConfigTests.swift in Sources */ = {isa = PBXBuildFile; fileRef = 5264A78F2768E9F400FEDB43 /* UserConfigTests.swift */; };
		5264A7BD2769381600FEDB43 /* Cache.swift in Sources */ = {isa = PBXBuildFile; fileRef = 5264A7BC2769381500FEDB43 /* Cache.swift */; };
		5268DB5727501CFC00D17A40 /* DevCycle.framework in Frameworks */ = {isa = PBXBuildFile; fileRef = 5268DB4D27501CFC00D17A40 /* DevCycle.framework */; };
		5268DB5D27501CFC00D17A40 /* DevCycle.h in Headers */ = {isa = PBXBuildFile; fileRef = 5268DB4F27501CFC00D17A40 /* DevCycle.h */; settings = {ATTRIBUTES = (Public, ); }; };
		5268DB6627501D6000D17A40 /* DVCClient.swift in Sources */ = {isa = PBXBuildFile; fileRef = 5268DB6427501D6000D17A40 /* DVCClient.swift */; };
		5268DB6727501D6000D17A40 /* DVCUser.swift in Sources */ = {isa = PBXBuildFile; fileRef = 5268DB6527501D6000D17A40 /* DVCUser.swift */; };
		5268DB69275020D900D17A40 /* DVCUserTest.swift in Sources */ = {isa = PBXBuildFile; fileRef = 5268DB68275020D900D17A40 /* DVCUserTest.swift */; };
		5268DB6B275020F800D17A40 /* DVCClientTest.swift in Sources */ = {isa = PBXBuildFile; fileRef = 5268DB6A275020F800D17A40 /* DVCClientTest.swift */; };
		5276C9F0275E682B00B9A324 /* DVCOptions.swift in Sources */ = {isa = PBXBuildFile; fileRef = 5276C9EF275E682B00B9A324 /* DVCOptions.swift */; };
		5276C9F2275E6E0D00B9A324 /* DVCOptionsTest.swift in Sources */ = {isa = PBXBuildFile; fileRef = 5276C9F1275E6E0D00B9A324 /* DVCOptionsTest.swift */; };
		529CE32328DCBEC2009AB137 /* RequestConsolidator.swift in Sources */ = {isa = PBXBuildFile; fileRef = 529CE32228DCBEC2009AB137 /* RequestConsolidator.swift */; };
		529F0C90277374150075AAB4 /* ObjcDVCVariableTests.m in Sources */ = {isa = PBXBuildFile; fileRef = 529F0C8F277374150075AAB4 /* ObjcDVCVariableTests.m */; };
		529F0CA52774D6BE0075AAB4 /* URLSessionMock.swift in Sources */ = {isa = PBXBuildFile; fileRef = 529F0CA42774D6BE0075AAB4 /* URLSessionMock.swift */; };
		52A1139F27AB235C000B8285 /* EventQueueTests.swift in Sources */ = {isa = PBXBuildFile; fileRef = 52A1139E27AB235C000B8285 /* EventQueueTests.swift */; };
		52A486762784A3E600DABA34 /* ObjCDVCOptions.swift in Sources */ = {isa = PBXBuildFile; fileRef = 52A486752784A3E600DABA34 /* ObjCDVCOptions.swift */; };
		52A487032788C0FF00DABA34 /* ObjCUserConfig.swift in Sources */ = {isa = PBXBuildFile; fileRef = 52A487022788C0FF00DABA34 /* ObjCUserConfig.swift */; };
		52A48707278C9BE200DABA34 /* Log.swift in Sources */ = {isa = PBXBuildFile; fileRef = 52A48706278C9BE200DABA34 /* Log.swift */; };
		52A96990279F3AAA00D3A602 /* PlatformDetails.swift in Sources */ = {isa = PBXBuildFile; fileRef = 52A9698F279F3AAA00D3A602 /* PlatformDetails.swift */; };
		52A96A0F27A0A7CF00D3A602 /* EventQueue.swift in Sources */ = {isa = PBXBuildFile; fileRef = 52A96A0E27A0A7CF00D3A602 /* EventQueue.swift */; };
		52E693EA27567E2600B52375 /* DevCycleService.swift in Sources */ = {isa = PBXBuildFile; fileRef = 52E693E927567E2600B52375 /* DevCycleService.swift */; };
		52E693ED2756816A00B52375 /* DVCConfig.swift in Sources */ = {isa = PBXBuildFile; fileRef = 52E693EC2756816A00B52375 /* DVCConfig.swift */; };
		52E693F62758032500B52375 /* DevCycleServiceTests.swift in Sources */ = {isa = PBXBuildFile; fileRef = 52E693F52758032500B52375 /* DevCycleServiceTests.swift */; };
		D9341C12276967DE00BC753F /* DVCEvent.swift in Sources */ = {isa = PBXBuildFile; fileRef = D9341C11276967DE00BC753F /* DVCEvent.swift */; };
		D9341C14276A3C8A00BC753F /* ObjCDVCEvent.swift in Sources */ = {isa = PBXBuildFile; fileRef = D9341C13276A3C8A00BC753F /* ObjCDVCEvent.swift */; };
		E66CF1C82901E9C7008734FD /* LDSwiftEventSource.xcframework in Frameworks */ = {isa = PBXBuildFile; fileRef = E66CF1C72901E9C7008734FD /* LDSwiftEventSource.xcframework */; };
		E66CF1C92901E9C7008734FD /* LDSwiftEventSource.xcframework in Embed Frameworks */ = {isa = PBXBuildFile; fileRef = E66CF1C72901E9C7008734FD /* LDSwiftEventSource.xcframework */; settings = {ATTRIBUTES = (CodeSignOnCopy, RemoveHeadersOnCopy, ); }; };
		E673EFC7290093C400C2C4BE /* SSEConnection.swift in Sources */ = {isa = PBXBuildFile; fileRef = E673EFC6290093C400C2C4BE /* SSEConnection.swift */; };
/* End PBXBuildFile section */

/* Begin PBXContainerItemProxy section */
		5268DB5827501CFC00D17A40 /* PBXContainerItemProxy */ = {
			isa = PBXContainerItemProxy;
			containerPortal = 5268DB2527501C8600D17A40 /* Project object */;
			proxyType = 1;
			remoteGlobalIDString = 5268DB4C27501CFC00D17A40;
			remoteInfo = DevCycle;
		};
/* End PBXContainerItemProxy section */

/* Begin PBXCopyFilesBuildPhase section */
		E66CF1CA2901E9C7008734FD /* Embed Frameworks */ = {
			isa = PBXCopyFilesBuildPhase;
			buildActionMask = 2147483647;
			dstPath = "";
			dstSubfolderSpec = 10;
			files = (
				E66CF1C92901E9C7008734FD /* LDSwiftEventSource.xcframework in Embed Frameworks */,
			);
			name = "Embed Frameworks";
			runOnlyForDeploymentPostprocessing = 0;
		};
/* End PBXCopyFilesBuildPhase section */

/* Begin PBXFileReference section */
		0B721684290B21CD004D0AB7 /* SSEMessage.swift */ = {isa = PBXFileReference; lastKnownFileType = sourcecode.swift; path = SSEMessage.swift; sourceTree = "<group>"; };
		0F2DD759279EFA6B00540C9D /* CustomData.swift */ = {isa = PBXFileReference; lastKnownFileType = sourcecode.swift; path = CustomData.swift; sourceTree = "<group>"; };
		52133B1F28DDFB260007691D /* RequestConsolidatorTests.swift */ = {isa = PBXFileReference; lastKnownFileType = sourcecode.swift; path = RequestConsolidatorTests.swift; sourceTree = "<group>"; };
		52133B2128DE00BC0007691D /* ProcessConfig.swift */ = {isa = PBXFileReference; lastKnownFileType = sourcecode.swift; path = ProcessConfig.swift; sourceTree = "<group>"; };
		52133B2328DE0FEB0007691D /* GetTestConfig.swift */ = {isa = PBXFileReference; lastKnownFileType = sourcecode.swift; path = GetTestConfig.swift; sourceTree = "<group>"; };
		5226DF05290C588900630745 /* NotificationNames.swift */ = {isa = PBXFileReference; lastKnownFileType = sourcecode.swift; path = NotificationNames.swift; sourceTree = "<group>"; };
		52404CE927F3A9FB00290A31 /* isEqual.swift */ = {isa = PBXFileReference; lastKnownFileType = sourcecode.swift; path = isEqual.swift; sourceTree = "<group>"; };
		52404CEC27F4A92100290A31 /* IsEqualTests.swift */ = {isa = PBXFileReference; lastKnownFileType = sourcecode.swift; path = IsEqualTests.swift; sourceTree = "<group>"; };
		524D58232770F78B00D7CC56 /* ObjCDVCVariable.swift */ = {isa = PBXFileReference; fileEncoding = 4; lastKnownFileType = sourcecode.swift; path = ObjCDVCVariable.swift; sourceTree = "<group>"; };
		524F4E5F276BDDBD00CB9069 /* DVCVariable.swift */ = {isa = PBXFileReference; lastKnownFileType = sourcecode.swift; path = DVCVariable.swift; sourceTree = "<group>"; };
		524F4E61276D20A500CB9069 /* DVCVariableTests.swift */ = {isa = PBXFileReference; lastKnownFileType = sourcecode.swift; path = DVCVariableTests.swift; sourceTree = "<group>"; };
		5256A9982798716400E749FF /* ObjCDVCClientTests.m */ = {isa = PBXFileReference; fileEncoding = 4; lastKnownFileType = sourcecode.c.objc; path = ObjCDVCClientTests.m; sourceTree = "<group>"; };
		5256A9992798716400E749FF /* ObjcDVCUserTests.m */ = {isa = PBXFileReference; fileEncoding = 4; lastKnownFileType = sourcecode.c.objc; path = ObjcDVCUserTests.m; sourceTree = "<group>"; };
		5264A77A275E9A7E00FEDB43 /* ObjCDVCClient.swift */ = {isa = PBXFileReference; lastKnownFileType = sourcecode.swift; path = ObjCDVCClient.swift; sourceTree = "<group>"; };
		5264A77D275EACA300FEDB43 /* DevCycleTests-Bridging-Header.h */ = {isa = PBXFileReference; lastKnownFileType = sourcecode.c.h; path = "DevCycleTests-Bridging-Header.h"; sourceTree = "<group>"; };
		5264A780275EB7DC00FEDB43 /* ObjCDVCUser.swift */ = {isa = PBXFileReference; lastKnownFileType = sourcecode.swift; path = ObjCDVCUser.swift; sourceTree = "<group>"; };
		5264A78627626A2200FEDB43 /* ObjCErrors.swift */ = {isa = PBXFileReference; lastKnownFileType = sourcecode.swift; path = ObjCErrors.swift; sourceTree = "<group>"; };
		5264A78A2763F6D800FEDB43 /* UserConfig.swift */ = {isa = PBXFileReference; lastKnownFileType = sourcecode.swift; path = UserConfig.swift; sourceTree = "<group>"; };
		5264A78D2768E94500FEDB43 /* test_config.json */ = {isa = PBXFileReference; lastKnownFileType = text.json; path = test_config.json; sourceTree = "<group>"; };
		5264A78F2768E9F400FEDB43 /* UserConfigTests.swift */ = {isa = PBXFileReference; lastKnownFileType = sourcecode.swift; path = UserConfigTests.swift; sourceTree = "<group>"; };
		5264A7BC2769381500FEDB43 /* Cache.swift */ = {isa = PBXFileReference; lastKnownFileType = sourcecode.swift; path = Cache.swift; sourceTree = "<group>"; };
		5268DB4D27501CFC00D17A40 /* DevCycle.framework */ = {isa = PBXFileReference; explicitFileType = wrapper.framework; includeInIndex = 0; path = DevCycle.framework; sourceTree = BUILT_PRODUCTS_DIR; };
		5268DB4F27501CFC00D17A40 /* DevCycle.h */ = {isa = PBXFileReference; lastKnownFileType = sourcecode.c.h; path = DevCycle.h; sourceTree = "<group>"; };
		5268DB5627501CFC00D17A40 /* DevCycleTests.xctest */ = {isa = PBXFileReference; explicitFileType = wrapper.cfbundle; includeInIndex = 0; path = DevCycleTests.xctest; sourceTree = BUILT_PRODUCTS_DIR; };
		5268DB6427501D6000D17A40 /* DVCClient.swift */ = {isa = PBXFileReference; fileEncoding = 4; lastKnownFileType = sourcecode.swift; path = DVCClient.swift; sourceTree = "<group>"; };
		5268DB6527501D6000D17A40 /* DVCUser.swift */ = {isa = PBXFileReference; fileEncoding = 4; lastKnownFileType = sourcecode.swift; path = DVCUser.swift; sourceTree = "<group>"; };
		5268DB68275020D900D17A40 /* DVCUserTest.swift */ = {isa = PBXFileReference; lastKnownFileType = sourcecode.swift; path = DVCUserTest.swift; sourceTree = "<group>"; };
		5268DB6A275020F800D17A40 /* DVCClientTest.swift */ = {isa = PBXFileReference; lastKnownFileType = sourcecode.swift; path = DVCClientTest.swift; sourceTree = "<group>"; };
		5276C9EF275E682B00B9A324 /* DVCOptions.swift */ = {isa = PBXFileReference; lastKnownFileType = sourcecode.swift; path = DVCOptions.swift; sourceTree = "<group>"; };
		5276C9F1275E6E0D00B9A324 /* DVCOptionsTest.swift */ = {isa = PBXFileReference; lastKnownFileType = sourcecode.swift; path = DVCOptionsTest.swift; sourceTree = "<group>"; };
		529CE32228DCBEC2009AB137 /* RequestConsolidator.swift */ = {isa = PBXFileReference; lastKnownFileType = sourcecode.swift; path = RequestConsolidator.swift; sourceTree = "<group>"; };
		529F0C8F277374150075AAB4 /* ObjcDVCVariableTests.m */ = {isa = PBXFileReference; lastKnownFileType = sourcecode.c.objc; path = ObjcDVCVariableTests.m; sourceTree = "<group>"; };
		529F0CA42774D6BE0075AAB4 /* URLSessionMock.swift */ = {isa = PBXFileReference; lastKnownFileType = sourcecode.swift; path = URLSessionMock.swift; sourceTree = "<group>"; };
		52A1139E27AB235C000B8285 /* EventQueueTests.swift */ = {isa = PBXFileReference; lastKnownFileType = sourcecode.swift; path = EventQueueTests.swift; sourceTree = "<group>"; };
		52A486752784A3E600DABA34 /* ObjCDVCOptions.swift */ = {isa = PBXFileReference; lastKnownFileType = sourcecode.swift; path = ObjCDVCOptions.swift; sourceTree = "<group>"; };
		52A487022788C0FF00DABA34 /* ObjCUserConfig.swift */ = {isa = PBXFileReference; lastKnownFileType = sourcecode.swift; path = ObjCUserConfig.swift; sourceTree = "<group>"; };
		52A48706278C9BE200DABA34 /* Log.swift */ = {isa = PBXFileReference; lastKnownFileType = sourcecode.swift; path = Log.swift; sourceTree = "<group>"; };
		52A9698F279F3AAA00D3A602 /* PlatformDetails.swift */ = {isa = PBXFileReference; lastKnownFileType = sourcecode.swift; path = PlatformDetails.swift; sourceTree = "<group>"; };
		52A96A0E27A0A7CF00D3A602 /* EventQueue.swift */ = {isa = PBXFileReference; lastKnownFileType = sourcecode.swift; path = EventQueue.swift; sourceTree = "<group>"; };
		52E693E927567E2600B52375 /* DevCycleService.swift */ = {isa = PBXFileReference; lastKnownFileType = sourcecode.swift; path = DevCycleService.swift; sourceTree = "<group>"; };
		52E693EC2756816A00B52375 /* DVCConfig.swift */ = {isa = PBXFileReference; lastKnownFileType = sourcecode.swift; path = DVCConfig.swift; sourceTree = "<group>"; };
		52E693F52758032500B52375 /* DevCycleServiceTests.swift */ = {isa = PBXFileReference; lastKnownFileType = sourcecode.swift; path = DevCycleServiceTests.swift; sourceTree = "<group>"; };
		D9341C11276967DE00BC753F /* DVCEvent.swift */ = {isa = PBXFileReference; lastKnownFileType = sourcecode.swift; path = DVCEvent.swift; sourceTree = "<group>"; };
		D9341C13276A3C8A00BC753F /* ObjCDVCEvent.swift */ = {isa = PBXFileReference; lastKnownFileType = sourcecode.swift; path = ObjCDVCEvent.swift; sourceTree = "<group>"; };
		E66CF1C72901E9C7008734FD /* LDSwiftEventSource.xcframework */ = {isa = PBXFileReference; lastKnownFileType = wrapper.xcframework; name = LDSwiftEventSource.xcframework; path = Carthage/Build/LDSwiftEventSource.xcframework; sourceTree = "<group>"; };
		E673EFC6290093C400C2C4BE /* SSEConnection.swift */ = {isa = PBXFileReference; lastKnownFileType = sourcecode.swift; path = SSEConnection.swift; sourceTree = "<group>"; };
/* End PBXFileReference section */

/* Begin PBXFrameworksBuildPhase section */
		5268DB4A27501CFC00D17A40 /* Frameworks */ = {
			isa = PBXFrameworksBuildPhase;
			buildActionMask = 2147483647;
			files = (
				E66CF1C82901E9C7008734FD /* LDSwiftEventSource.xcframework in Frameworks */,
			);
			runOnlyForDeploymentPostprocessing = 0;
		};
		5268DB5327501CFC00D17A40 /* Frameworks */ = {
			isa = PBXFrameworksBuildPhase;
			buildActionMask = 2147483647;
			files = (
				5268DB5727501CFC00D17A40 /* DevCycle.framework in Frameworks */,
			);
			runOnlyForDeploymentPostprocessing = 0;
		};
/* End PBXFrameworksBuildPhase section */

/* Begin PBXGroup section */
		52133B1E28DDFAF90007691D /* Networking */ = {
			isa = PBXGroup;
			children = (
				52E693F52758032500B52375 /* DevCycleServiceTests.swift */,
			);
			path = Networking;
			sourceTree = "<group>";
		};
		52404CE827F3A9CE00290A31 /* Utils */ = {
			isa = PBXGroup;
			children = (
				52A48706278C9BE200DABA34 /* Log.swift */,
				52404CE927F3A9FB00290A31 /* isEqual.swift */,
				529CE32228DCBEC2009AB137 /* RequestConsolidator.swift */,
				52133B2128DE00BC0007691D /* ProcessConfig.swift */,
				5226DF05290C588900630745 /* NotificationNames.swift */,
			);
			path = Utils;
			sourceTree = "<group>";
		};
		52404CEB27F4A8F800290A31 /* Utils */ = {
			isa = PBXGroup;
			children = (
				52404CEC27F4A92100290A31 /* IsEqualTests.swift */,
				52133B1F28DDFB260007691D /* RequestConsolidatorTests.swift */,
				52133B2328DE0FEB0007691D /* GetTestConfig.swift */,
			);
			path = Utils;
			sourceTree = "<group>";
		};
		5264A779275E994B00FEDB43 /* ObjC */ = {
			isa = PBXGroup;
			children = (
				524D58232770F78B00D7CC56 /* ObjCDVCVariable.swift */,
				5264A77A275E9A7E00FEDB43 /* ObjCDVCClient.swift */,
				5264A780275EB7DC00FEDB43 /* ObjCDVCUser.swift */,
				5264A78627626A2200FEDB43 /* ObjCErrors.swift */,
				D9341C13276A3C8A00BC753F /* ObjCDVCEvent.swift */,
				52A486752784A3E600DABA34 /* ObjCDVCOptions.swift */,
				52A487022788C0FF00DABA34 /* ObjCUserConfig.swift */,
			);
			path = ObjC;
			sourceTree = "<group>";
		};
		5264A78C2768E87C00FEDB43 /* Models */ = {
			isa = PBXGroup;
			children = (
				5268DB68275020D900D17A40 /* DVCUserTest.swift */,
				524F4E61276D20A500CB9069 /* DVCVariableTests.swift */,
				5276C9F1275E6E0D00B9A324 /* DVCOptionsTest.swift */,
				5268DB6A275020F800D17A40 /* DVCClientTest.swift */,
				52A1139E27AB235C000B8285 /* EventQueueTests.swift */,
				5264A78F2768E9F400FEDB43 /* UserConfigTests.swift */,
				5264A78D2768E94500FEDB43 /* test_config.json */,
				0B721684290B21CD004D0AB7 /* SSEMessage.swift */,
			);
			path = Models;
			sourceTree = "<group>";
		};
		5268DB2427501C8600D17A40 = {
			isa = PBXGroup;
			children = (
				5268DB4E27501CFC00D17A40 /* DevCycle */,
				5268DB5A27501CFC00D17A40 /* DevCycleTests */,
				5268DB2F27501C8600D17A40 /* Products */,
				E66CF1C62901E9C7008734FD /* Frameworks */,
			);
			sourceTree = "<group>";
		};
		5268DB2F27501C8600D17A40 /* Products */ = {
			isa = PBXGroup;
			children = (
				5268DB4D27501CFC00D17A40 /* DevCycle.framework */,
				5268DB5627501CFC00D17A40 /* DevCycleTests.xctest */,
			);
			name = Products;
			sourceTree = "<group>";
		};
		5268DB4E27501CFC00D17A40 /* DevCycle */ = {
			isa = PBXGroup;
			children = (
				52404CE827F3A9CE00290A31 /* Utils */,
				5264A779275E994B00FEDB43 /* ObjC */,
				52E693EB2756815C00B52375 /* Models */,
				52E693E827557B5700B52375 /* Networking */,
				5268DB6427501D6000D17A40 /* DVCClient.swift */,
				5268DB6527501D6000D17A40 /* DVCUser.swift */,
				524F4E5F276BDDBD00CB9069 /* DVCVariable.swift */,
				5268DB4F27501CFC00D17A40 /* DevCycle.h */,
				E673EFC6290093C400C2C4BE /* SSEConnection.swift */,
			);
			path = DevCycle;
			sourceTree = "<group>";
		};
		5268DB5A27501CFC00D17A40 /* DevCycleTests */ = {
			isa = PBXGroup;
			children = (
				52404CEB27F4A8F800290A31 /* Utils */,
				529F0CA32774D6A70075AAB4 /* Mocks */,
				529F0C8E277373D10075AAB4 /* ObjC */,
				5264A78C2768E87C00FEDB43 /* Models */,
				52133B1E28DDFAF90007691D /* Networking */,
				5264A77D275EACA300FEDB43 /* DevCycleTests-Bridging-Header.h */,
			);
			path = DevCycleTests;
			sourceTree = "<group>";
		};
		529F0C8E277373D10075AAB4 /* ObjC */ = {
			isa = PBXGroup;
			children = (
				5256A9982798716400E749FF /* ObjCDVCClientTests.m */,
				5256A9992798716400E749FF /* ObjcDVCUserTests.m */,
				529F0C8F277374150075AAB4 /* ObjcDVCVariableTests.m */,
			);
			path = ObjC;
			sourceTree = "<group>";
		};
		529F0CA32774D6A70075AAB4 /* Mocks */ = {
			isa = PBXGroup;
			children = (
				529F0CA42774D6BE0075AAB4 /* URLSessionMock.swift */,
			);
			path = Mocks;
			sourceTree = "<group>";
		};
		52E693E827557B5700B52375 /* Networking */ = {
			isa = PBXGroup;
			children = (
				52E693E927567E2600B52375 /* DevCycleService.swift */,
			);
			path = Networking;
			sourceTree = "<group>";
		};
		52E693EB2756815C00B52375 /* Models */ = {
			isa = PBXGroup;
			children = (
				52E693EC2756816A00B52375 /* DVCConfig.swift */,
				5276C9EF275E682B00B9A324 /* DVCOptions.swift */,
				5264A78A2763F6D800FEDB43 /* UserConfig.swift */,
				D9341C11276967DE00BC753F /* DVCEvent.swift */,
				5264A7BC2769381500FEDB43 /* Cache.swift */,
				52A9698F279F3AAA00D3A602 /* PlatformDetails.swift */,
				0F2DD759279EFA6B00540C9D /* CustomData.swift */,
				52A96A0E27A0A7CF00D3A602 /* EventQueue.swift */,
			);
			path = Models;
			sourceTree = "<group>";
		};
		E66CF1C62901E9C7008734FD /* Frameworks */ = {
			isa = PBXGroup;
			children = (
				E66CF1C72901E9C7008734FD /* LDSwiftEventSource.xcframework */,
			);
			name = Frameworks;
			sourceTree = "<group>";
		};
/* End PBXGroup section */

/* Begin PBXHeadersBuildPhase section */
		5268DB4827501CFC00D17A40 /* Headers */ = {
			isa = PBXHeadersBuildPhase;
			buildActionMask = 2147483647;
			files = (
				5268DB5D27501CFC00D17A40 /* DevCycle.h in Headers */,
			);
			runOnlyForDeploymentPostprocessing = 0;
		};
/* End PBXHeadersBuildPhase section */

/* Begin PBXNativeTarget section */
		5268DB4C27501CFC00D17A40 /* DevCycle */ = {
			isa = PBXNativeTarget;
			buildConfigurationList = 5268DB5E27501CFC00D17A40 /* Build configuration list for PBXNativeTarget "DevCycle" */;
			buildPhases = (
				5268DB4827501CFC00D17A40 /* Headers */,
				5268DB4927501CFC00D17A40 /* Sources */,
				5268DB4A27501CFC00D17A40 /* Frameworks */,
				5268DB4B27501CFC00D17A40 /* Resources */,
				E66CF1CA2901E9C7008734FD /* Embed Frameworks */,
			);
			buildRules = (
			);
			dependencies = (
			);
			name = DevCycle;
			productName = DevCycle;
			productReference = 5268DB4D27501CFC00D17A40 /* DevCycle.framework */;
			productType = "com.apple.product-type.framework";
		};
		5268DB5527501CFC00D17A40 /* DevCycleTests */ = {
			isa = PBXNativeTarget;
			buildConfigurationList = 5268DB6127501CFC00D17A40 /* Build configuration list for PBXNativeTarget "DevCycleTests" */;
			buildPhases = (
				5268DB5227501CFC00D17A40 /* Sources */,
				5268DB5327501CFC00D17A40 /* Frameworks */,
				5268DB5427501CFC00D17A40 /* Resources */,
			);
			buildRules = (
			);
			dependencies = (
				5268DB5927501CFC00D17A40 /* PBXTargetDependency */,
			);
			name = DevCycleTests;
			productName = DevCycleTests;
			productReference = 5268DB5627501CFC00D17A40 /* DevCycleTests.xctest */;
			productType = "com.apple.product-type.bundle.unit-test";
		};
/* End PBXNativeTarget section */

/* Begin PBXProject section */
		5268DB2527501C8600D17A40 /* Project object */ = {
			isa = PBXProject;
			attributes = {
				BuildIndependentTargetsInParallel = 1;
				LastSwiftUpdateCheck = 1310;
				LastUpgradeCheck = 1320;
				ORGANIZATIONNAME = Taplytics;
				TargetAttributes = {
					5268DB4C27501CFC00D17A40 = {
						CreatedOnToolsVersion = 13.1;
					};
					5268DB5527501CFC00D17A40 = {
						CreatedOnToolsVersion = 13.1;
						LastSwiftMigration = 1310;
					};
				};
			};
			buildConfigurationList = 5268DB2827501C8600D17A40 /* Build configuration list for PBXProject "DevCycle-iOS" */;
			compatibilityVersion = "Xcode 13.0";
			developmentRegion = en;
			hasScannedForEncodings = 0;
			knownRegions = (
				en,
				Base,
			);
			mainGroup = 5268DB2427501C8600D17A40;
			productRefGroup = 5268DB2F27501C8600D17A40 /* Products */;
			projectDirPath = "";
			projectRoot = "";
			targets = (
				5268DB4C27501CFC00D17A40 /* DevCycle */,
				5268DB5527501CFC00D17A40 /* DevCycleTests */,
			);
		};
/* End PBXProject section */

/* Begin PBXResourcesBuildPhase section */
		5268DB4B27501CFC00D17A40 /* Resources */ = {
			isa = PBXResourcesBuildPhase;
			buildActionMask = 2147483647;
			files = (
			);
			runOnlyForDeploymentPostprocessing = 0;
		};
		5268DB5427501CFC00D17A40 /* Resources */ = {
			isa = PBXResourcesBuildPhase;
			buildActionMask = 2147483647;
			files = (
				5264A78E2768E94600FEDB43 /* test_config.json in Resources */,
			);
			runOnlyForDeploymentPostprocessing = 0;
		};
/* End PBXResourcesBuildPhase section */

/* Begin PBXSourcesBuildPhase section */
		5268DB4927501CFC00D17A40 /* Sources */ = {
			isa = PBXSourcesBuildPhase;
			buildActionMask = 2147483647;
			files = (
				5264A78B2763F6D800FEDB43 /* UserConfig.swift in Sources */,
				E673EFC7290093C400C2C4BE /* SSEConnection.swift in Sources */,
				0F2DD75A279EFA6B00540C9D /* CustomData.swift in Sources */,
				5264A781275EB7DC00FEDB43 /* ObjCDVCUser.swift in Sources */,
				52A96990279F3AAA00D3A602 /* PlatformDetails.swift in Sources */,
				52A48707278C9BE200DABA34 /* Log.swift in Sources */,
				D9341C14276A3C8A00BC753F /* ObjCDVCEvent.swift in Sources */,
				5226DF06290C588900630745 /* NotificationNames.swift in Sources */,
				5264A77B275E9A7E00FEDB43 /* ObjCDVCClient.swift in Sources */,
				52E693ED2756816A00B52375 /* DVCConfig.swift in Sources */,
				5264A7BD2769381600FEDB43 /* Cache.swift in Sources */,
				52404CEA27F3A9FB00290A31 /* isEqual.swift in Sources */,
				52A486762784A3E600DABA34 /* ObjCDVCOptions.swift in Sources */,
				52A96A0F27A0A7CF00D3A602 /* EventQueue.swift in Sources */,
				52E693EA27567E2600B52375 /* DevCycleService.swift in Sources */,
				5268DB6727501D6000D17A40 /* DVCUser.swift in Sources */,
				5264A78727626A2200FEDB43 /* ObjCErrors.swift in Sources */,
				52A487032788C0FF00DABA34 /* ObjCUserConfig.swift in Sources */,
				529CE32328DCBEC2009AB137 /* RequestConsolidator.swift in Sources */,
				5268DB6627501D6000D17A40 /* DVCClient.swift in Sources */,
				D9341C12276967DE00BC753F /* DVCEvent.swift in Sources */,
				524F4E60276BDDBD00CB9069 /* DVCVariable.swift in Sources */,
				5276C9F0275E682B00B9A324 /* DVCOptions.swift in Sources */,
				524D58242770F78B00D7CC56 /* ObjCDVCVariable.swift in Sources */,
				52133B2228DE00BC0007691D /* ProcessConfig.swift in Sources */,
			);
			runOnlyForDeploymentPostprocessing = 0;
		};
		5268DB5227501CFC00D17A40 /* Sources */ = {
			isa = PBXSourcesBuildPhase;
			buildActionMask = 2147483647;
			files = (
				529F0CA52774D6BE0075AAB4 /* URLSessionMock.swift in Sources */,
				52133B2028DDFB260007691D /* RequestConsolidatorTests.swift in Sources */,
				5276C9F2275E6E0D00B9A324 /* DVCOptionsTest.swift in Sources */,
				5264A7902768E9F400FEDB43 /* UserConfigTests.swift in Sources */,
				0B721685290B21CD004D0AB7 /* SSEMessage.swift in Sources */,
				52E693F62758032500B52375 /* DevCycleServiceTests.swift in Sources */,
				52404CED27F4A92100290A31 /* IsEqualTests.swift in Sources */,
				5268DB6B275020F800D17A40 /* DVCClientTest.swift in Sources */,
				529F0C90277374150075AAB4 /* ObjcDVCVariableTests.m in Sources */,
				5268DB69275020D900D17A40 /* DVCUserTest.swift in Sources */,
				52A1139F27AB235C000B8285 /* EventQueueTests.swift in Sources */,
				52133B2428DE0FEB0007691D /* GetTestConfig.swift in Sources */,
				5256A99A2798716400E749FF /* ObjCDVCClientTests.m in Sources */,
				5256A99B2798716400E749FF /* ObjcDVCUserTests.m in Sources */,
				524F4E62276D20A600CB9069 /* DVCVariableTests.swift in Sources */,
			);
			runOnlyForDeploymentPostprocessing = 0;
		};
/* End PBXSourcesBuildPhase section */

/* Begin PBXTargetDependency section */
		5268DB5927501CFC00D17A40 /* PBXTargetDependency */ = {
			isa = PBXTargetDependency;
			target = 5268DB4C27501CFC00D17A40 /* DevCycle */;
			targetProxy = 5268DB5827501CFC00D17A40 /* PBXContainerItemProxy */;
		};
/* End PBXTargetDependency section */

/* Begin XCBuildConfiguration section */
		5268DB4027501C8700D17A40 /* Debug */ = {
			isa = XCBuildConfiguration;
			buildSettings = {
				ALWAYS_SEARCH_USER_PATHS = NO;
				CLANG_ANALYZER_NONNULL = YES;
				CLANG_ANALYZER_NUMBER_OBJECT_CONVERSION = YES_AGGRESSIVE;
				CLANG_CXX_LANGUAGE_STANDARD = "gnu++17";
				CLANG_CXX_LIBRARY = "libc++";
				CLANG_ENABLE_MODULES = YES;
				CLANG_ENABLE_OBJC_ARC = YES;
				CLANG_ENABLE_OBJC_WEAK = YES;
				CLANG_WARN_BLOCK_CAPTURE_AUTORELEASING = YES;
				CLANG_WARN_BOOL_CONVERSION = YES;
				CLANG_WARN_COMMA = YES;
				CLANG_WARN_CONSTANT_CONVERSION = YES;
				CLANG_WARN_DEPRECATED_OBJC_IMPLEMENTATIONS = YES;
				CLANG_WARN_DIRECT_OBJC_ISA_USAGE = YES_ERROR;
				CLANG_WARN_DOCUMENTATION_COMMENTS = YES;
				CLANG_WARN_EMPTY_BODY = YES;
				CLANG_WARN_ENUM_CONVERSION = YES;
				CLANG_WARN_INFINITE_RECURSION = YES;
				CLANG_WARN_INT_CONVERSION = YES;
				CLANG_WARN_NON_LITERAL_NULL_CONVERSION = YES;
				CLANG_WARN_OBJC_IMPLICIT_RETAIN_SELF = YES;
				CLANG_WARN_OBJC_LITERAL_CONVERSION = YES;
				CLANG_WARN_OBJC_ROOT_CLASS = YES_ERROR;
				CLANG_WARN_QUOTED_INCLUDE_IN_FRAMEWORK_HEADER = YES;
				CLANG_WARN_RANGE_LOOP_ANALYSIS = YES;
				CLANG_WARN_STRICT_PROTOTYPES = YES;
				CLANG_WARN_SUSPICIOUS_MOVE = YES;
				CLANG_WARN_UNGUARDED_AVAILABILITY = YES_AGGRESSIVE;
				CLANG_WARN_UNREACHABLE_CODE = YES;
				CLANG_WARN__DUPLICATE_METHOD_MATCH = YES;
				COPY_PHASE_STRIP = NO;
				CURRENT_PROJECT_VERSION = 1;
				DEBUG_INFORMATION_FORMAT = dwarf;
				ENABLE_STRICT_OBJC_MSGSEND = YES;
				ENABLE_TESTABILITY = YES;
				GCC_C_LANGUAGE_STANDARD = gnu11;
				GCC_DYNAMIC_NO_PIC = NO;
				GCC_NO_COMMON_BLOCKS = YES;
				GCC_OPTIMIZATION_LEVEL = 0;
				GCC_PREPROCESSOR_DEFINITIONS = (
					"DEBUG=1",
					"$(inherited)",
				);
				GCC_WARN_64_TO_32_BIT_CONVERSION = YES;
				GCC_WARN_ABOUT_RETURN_TYPE = YES_ERROR;
				GCC_WARN_UNDECLARED_SELECTOR = YES;
				GCC_WARN_UNINITIALIZED_AUTOS = YES_AGGRESSIVE;
				GCC_WARN_UNUSED_FUNCTION = YES;
				GCC_WARN_UNUSED_VARIABLE = YES;
				IPHONEOS_DEPLOYMENT_TARGET = 12.0;
				MTL_ENABLE_DEBUG_INFO = INCLUDE_SOURCE;
				MTL_FAST_MATH = YES;
				ONLY_ACTIVE_ARCH = YES;
				SDKROOT = iphoneos;
				SWIFT_ACTIVE_COMPILATION_CONDITIONS = DEBUG;
				SWIFT_OPTIMIZATION_LEVEL = "-Onone";
				VERSIONING_SYSTEM = "apple-generic";
				VERSION_INFO_PREFIX = "";
			};
			name = Debug;
		};
		5268DB4127501C8700D17A40 /* Release */ = {
			isa = XCBuildConfiguration;
			buildSettings = {
				ALWAYS_SEARCH_USER_PATHS = NO;
				CLANG_ANALYZER_NONNULL = YES;
				CLANG_ANALYZER_NUMBER_OBJECT_CONVERSION = YES_AGGRESSIVE;
				CLANG_CXX_LANGUAGE_STANDARD = "gnu++17";
				CLANG_CXX_LIBRARY = "libc++";
				CLANG_ENABLE_MODULES = YES;
				CLANG_ENABLE_OBJC_ARC = YES;
				CLANG_ENABLE_OBJC_WEAK = YES;
				CLANG_WARN_BLOCK_CAPTURE_AUTORELEASING = YES;
				CLANG_WARN_BOOL_CONVERSION = YES;
				CLANG_WARN_COMMA = YES;
				CLANG_WARN_CONSTANT_CONVERSION = YES;
				CLANG_WARN_DEPRECATED_OBJC_IMPLEMENTATIONS = YES;
				CLANG_WARN_DIRECT_OBJC_ISA_USAGE = YES_ERROR;
				CLANG_WARN_DOCUMENTATION_COMMENTS = YES;
				CLANG_WARN_EMPTY_BODY = YES;
				CLANG_WARN_ENUM_CONVERSION = YES;
				CLANG_WARN_INFINITE_RECURSION = YES;
				CLANG_WARN_INT_CONVERSION = YES;
				CLANG_WARN_NON_LITERAL_NULL_CONVERSION = YES;
				CLANG_WARN_OBJC_IMPLICIT_RETAIN_SELF = YES;
				CLANG_WARN_OBJC_LITERAL_CONVERSION = YES;
				CLANG_WARN_OBJC_ROOT_CLASS = YES_ERROR;
				CLANG_WARN_QUOTED_INCLUDE_IN_FRAMEWORK_HEADER = YES;
				CLANG_WARN_RANGE_LOOP_ANALYSIS = YES;
				CLANG_WARN_STRICT_PROTOTYPES = YES;
				CLANG_WARN_SUSPICIOUS_MOVE = YES;
				CLANG_WARN_UNGUARDED_AVAILABILITY = YES_AGGRESSIVE;
				CLANG_WARN_UNREACHABLE_CODE = YES;
				CLANG_WARN__DUPLICATE_METHOD_MATCH = YES;
				COPY_PHASE_STRIP = NO;
				CURRENT_PROJECT_VERSION = 1;
				DEBUG_INFORMATION_FORMAT = "dwarf-with-dsym";
				ENABLE_NS_ASSERTIONS = NO;
				ENABLE_STRICT_OBJC_MSGSEND = YES;
				GCC_C_LANGUAGE_STANDARD = gnu11;
				GCC_NO_COMMON_BLOCKS = YES;
				GCC_WARN_64_TO_32_BIT_CONVERSION = YES;
				GCC_WARN_ABOUT_RETURN_TYPE = YES_ERROR;
				GCC_WARN_UNDECLARED_SELECTOR = YES;
				GCC_WARN_UNINITIALIZED_AUTOS = YES_AGGRESSIVE;
				GCC_WARN_UNUSED_FUNCTION = YES;
				GCC_WARN_UNUSED_VARIABLE = YES;
				IPHONEOS_DEPLOYMENT_TARGET = 12.0;
				MTL_ENABLE_DEBUG_INFO = NO;
				MTL_FAST_MATH = YES;
				SDKROOT = iphoneos;
				SWIFT_COMPILATION_MODE = wholemodule;
				SWIFT_OPTIMIZATION_LEVEL = "-O";
				VALIDATE_PRODUCT = YES;
				VERSIONING_SYSTEM = "apple-generic";
				VERSION_INFO_PREFIX = "";
			};
			name = Release;
		};
		5268DB5F27501CFC00D17A40 /* Debug */ = {
			isa = XCBuildConfiguration;
			buildSettings = {
				BUILD_LIBRARY_FOR_DISTRIBUTION = YES;
				CODE_SIGN_STYLE = Automatic;
				CURRENT_PROJECT_VERSION = 1;
				DEFINES_MODULE = YES;
				DEVELOPMENT_TEAM = ASZYP8H6QE;
				DYLIB_COMPATIBILITY_VERSION = 1;
				DYLIB_CURRENT_VERSION = 1;
				DYLIB_INSTALL_NAME_BASE = "@rpath";
				GENERATE_INFOPLIST_FILE = YES;
				INFOPLIST_KEY_NSHumanReadableCopyright = "";
				INSTALL_PATH = "$(LOCAL_LIBRARY_DIR)/Frameworks";
				IPHONEOS_DEPLOYMENT_TARGET = 12.0;
				LD_RUNPATH_SEARCH_PATHS = (
					"$(inherited)",
					"@executable_path/Frameworks",
					"@loader_path/Frameworks",
				);
				MARKETING_VERSION = 1.6.5;
				PRODUCT_BUNDLE_IDENTIFIER = com.devcycle.DevCycle;
				PRODUCT_NAME = "$(TARGET_NAME:c99extidentifier)";
				SKIP_INSTALL = YES;
				SWIFT_EMIT_LOC_STRINGS = YES;
				SWIFT_VERSION = 5.0;
				TARGETED_DEVICE_FAMILY = "1,2";
			};
			name = Debug;
		};
		5268DB6027501CFC00D17A40 /* Release */ = {
			isa = XCBuildConfiguration;
			buildSettings = {
				BUILD_LIBRARY_FOR_DISTRIBUTION = YES;
				CODE_SIGN_STYLE = Automatic;
				CURRENT_PROJECT_VERSION = 1;
				DEFINES_MODULE = YES;
				DEVELOPMENT_TEAM = ASZYP8H6QE;
				DYLIB_COMPATIBILITY_VERSION = 1;
				DYLIB_CURRENT_VERSION = 1;
				DYLIB_INSTALL_NAME_BASE = "@rpath";
				GENERATE_INFOPLIST_FILE = YES;
				INFOPLIST_KEY_NSHumanReadableCopyright = "";
				INSTALL_PATH = "$(LOCAL_LIBRARY_DIR)/Frameworks";
				IPHONEOS_DEPLOYMENT_TARGET = 12.0;
				LD_RUNPATH_SEARCH_PATHS = (
					"$(inherited)",
					"@executable_path/Frameworks",
					"@loader_path/Frameworks",
				);
				MARKETING_VERSION = 1.6.5;
				PRODUCT_BUNDLE_IDENTIFIER = com.devcycle.DevCycle;
				PRODUCT_NAME = "$(TARGET_NAME:c99extidentifier)";
				SKIP_INSTALL = YES;
				SWIFT_EMIT_LOC_STRINGS = YES;
				SWIFT_VERSION = 5.0;
				TARGETED_DEVICE_FAMILY = "1,2";
			};
			name = Release;
		};
		5268DB6227501CFC00D17A40 /* Debug */ = {
			isa = XCBuildConfiguration;
			buildSettings = {
				ALWAYS_EMBED_SWIFT_STANDARD_LIBRARIES = YES;
				CLANG_ENABLE_MODULES = YES;
				CODE_SIGN_STYLE = Automatic;
				CURRENT_PROJECT_VERSION = 1;
				DEVELOPMENT_TEAM = ASZYP8H6QE;
				GENERATE_INFOPLIST_FILE = YES;
				IPHONEOS_DEPLOYMENT_TARGET = 12.0;
				LD_RUNPATH_SEARCH_PATHS = (
					"$(inherited)",
					"@executable_path/Frameworks",
					"@loader_path/Frameworks",
				);
				MARKETING_VERSION = 1.0;
				PRODUCT_BUNDLE_IDENTIFIER = com.devcycle.DevCycleTests;
				PRODUCT_NAME = "$(TARGET_NAME)";
				SWIFT_EMIT_LOC_STRINGS = NO;
				SWIFT_OBJC_BRIDGING_HEADER = "DevCycleTests/DevCycleTests-Bridging-Header.h";
				SWIFT_OPTIMIZATION_LEVEL = "-Onone";
				SWIFT_VERSION = 5.0;
				TARGETED_DEVICE_FAMILY = "1,2";
			};
			name = Debug;
		};
		5268DB6327501CFC00D17A40 /* Release */ = {
			isa = XCBuildConfiguration;
			buildSettings = {
				ALWAYS_EMBED_SWIFT_STANDARD_LIBRARIES = YES;
				CLANG_ENABLE_MODULES = YES;
				CODE_SIGN_STYLE = Automatic;
				CURRENT_PROJECT_VERSION = 1;
				DEVELOPMENT_TEAM = ASZYP8H6QE;
				GENERATE_INFOPLIST_FILE = YES;
				IPHONEOS_DEPLOYMENT_TARGET = 12.0;
				LD_RUNPATH_SEARCH_PATHS = (
					"$(inherited)",
					"@executable_path/Frameworks",
					"@loader_path/Frameworks",
				);
				MARKETING_VERSION = 1.0;
				PRODUCT_BUNDLE_IDENTIFIER = com.devcycle.DevCycleTests;
				PRODUCT_NAME = "$(TARGET_NAME)";
				SWIFT_EMIT_LOC_STRINGS = NO;
				SWIFT_OBJC_BRIDGING_HEADER = "DevCycleTests/DevCycleTests-Bridging-Header.h";
				SWIFT_VERSION = 5.0;
				TARGETED_DEVICE_FAMILY = "1,2";
			};
			name = Release;
		};
/* End XCBuildConfiguration section */

/* Begin XCConfigurationList section */
		5268DB2827501C8600D17A40 /* Build configuration list for PBXProject "DevCycle-iOS" */ = {
			isa = XCConfigurationList;
			buildConfigurations = (
				5268DB4027501C8700D17A40 /* Debug */,
				5268DB4127501C8700D17A40 /* Release */,
			);
			defaultConfigurationIsVisible = 0;
			defaultConfigurationName = Release;
		};
		5268DB5E27501CFC00D17A40 /* Build configuration list for PBXNativeTarget "DevCycle" */ = {
			isa = XCConfigurationList;
			buildConfigurations = (
				5268DB5F27501CFC00D17A40 /* Debug */,
				5268DB6027501CFC00D17A40 /* Release */,
			);
			defaultConfigurationIsVisible = 0;
			defaultConfigurationName = Release;
		};
		5268DB6127501CFC00D17A40 /* Build configuration list for PBXNativeTarget "DevCycleTests" */ = {
			isa = XCConfigurationList;
			buildConfigurations = (
				5268DB6227501CFC00D17A40 /* Debug */,
				5268DB6327501CFC00D17A40 /* Release */,
			);
			defaultConfigurationIsVisible = 0;
			defaultConfigurationName = Release;
		};
/* End XCConfigurationList section */
	};
	rootObject = 5268DB2527501C8600D17A40 /* Project object */;
}
