PODS:
  - DevCycle (1.7.2):
    - LDSwiftEventSource (~> 3.0)
  - LDSwiftEventSource (3.0.0)

DEPENDENCIES:
  - DevCycle (from `../../`)

SPEC REPOS:
  trunk:
    - LDSwiftEventSource

EXTERNAL SOURCES:
  DevCycle:
    :path: "../../"

SPEC CHECKSUMS:
  DevCycle: a8ab11deb38f3bc6bfe331d65e67e00edceb16d3
  LDSwiftEventSource: 824ce51a4fa8e79498c9b67ae672bfa802bd7464

PODFILE CHECKSUM: a4fd256f79d5a2148eaf038b06bda9751f04ff5d

COCOAPODS: 1.11.3
