PODS:
  - DevCycle (1.5.0):
    - LDSwiftEventSource (~> 3.0)
  - LDSwiftEventSource (3.0.0)

DEPENDENCIES:
  - DevCycle (from `../../`)

SPEC REPOS:
  trunk:
    - LDSwiftEventSource

EXTERNAL SOURCES:
  DevCycle:
    :path: "../../"

SPEC CHECKSUMS:
  DevCycle: 7dff11fe54311e320e02cefd6ec3cdcac0b0d6ee
  LDSwiftEventSource: 824ce51a4fa8e79498c9b67ae672bfa802bd7464

PODFILE CHECKSUM: b2a39c4817832b360dfcfb452fa7e66031554f37

COCOAPODS: 1.11.3
