// !$*UTF8*$!
{
	archiveVersion = 1;
	classes = {
	};
	objectVersion = 77;
	objects = {

/* Begin PBXBuildFile section */
		0F7789452DCE9A8A009E8E7E /* DevCycle in Frameworks */ = {isa = PBXBuildFile; productRef = 0F7789442DCE9A8A009E8E7E /* DevCycle */; };
		0F9158EC2DD3BF2C0028C555 /* DevCycleOpenFeatureProvider in Frameworks */ = {isa = PBXBuildFile; productRef = 0F9158EB2DD3BF2C0028C555 /* DevCycleOpenFeatureProvider */; };
		0F9159682DD3C8B50028C555 /* (null) in Resources */ = {isa = PBXBuildFile; };
/* End PBXBuildFile section */

/* Begin PBXFileReference section */
		0F7789192DCE9A41009E8E7E /* DevCycle-iOS-OpenFeature-Example-App-Swift.app */ = {isa = PBXFileReference; explicitFileType = wrapper.application; includeInIndex = 0; path = "DevCycle-iOS-OpenFeature-Example-App-Swift.app"; sourceTree = BUILT_PRODUCTS_DIR; };
		0F9159702DD3CE2F0028C555 /* AppDelegate.swift */ = {isa = PBXFileReference; lastKnownFileType = sourcecode.swift; path = AppDelegate.swift; sourceTree = "<group>"; };
		0F9159712DD3CE2F0028C555 /* SceneDelegate.swift */ = {isa = PBXFileReference; lastKnownFileType = sourcecode.swift; path = SceneDelegate.swift; sourceTree = "<group>"; };
		0F9159722DD3CE2F0028C555 /* ViewController.swift */ = {isa = PBXFileReference; lastKnownFileType = sourcecode.swift; path = ViewController.swift; sourceTree = "<group>"; };
		0F9159732DD3CE2F0028C555 /* OpenFeatureManager.swift */ = {isa = PBXFileReference; lastKnownFileType = sourcecode.swift; path = OpenFeatureManager.swift; sourceTree = "<group>"; };
		0F9159742DD3CE2F0028C555 /* Info.plist */ = {isa = PBXFileReference; lastKnownFileType = text.plist.xml; path = Info.plist; sourceTree = "<group>"; };
		0F9159752DD3CE2F0028C555 /* Base */ = {isa = PBXFileReference; lastKnownFileType = file.storyboard; name = Base; path = Base.lproj/Main.storyboard; sourceTree = "<group>"; };
		0F9159762DD3CE2F0028C555 /* Base */ = {isa = PBXFileReference; lastKnownFileType = file.storyboard; name = Base; path = Base.lproj/LaunchScreen.storyboard; sourceTree = "<group>"; };
		0F9159792DD3CE950028C555 /* Assets.xcassets */ = {isa = PBXFileReference; lastKnownFileType = folder.assetcatalog; path = Assets.xcassets; sourceTree = "<group>"; };
/* End PBXFileReference section */

/* Begin PBXFileSystemSynchronizedBuildFileExceptionSet section */
		0F9159BD2DD3C2B10028C555 /* Exceptions for "DevCycle-iOS-OpenFeature-Example-App-Swift" folder in "DevCycle-iOS-OpenFeature-Example-App-Swift" target */ = {
			isa = PBXFileSystemSynchronizedBuildFileExceptionSet;
			membershipExceptions = (
				Info.plist,
			);
			target = 0F7789182DCE9A41009E8E7E /* DevCycle-iOS-OpenFeature-Example-App-Swift */;
		};
/* End PBXFileSystemSynchronizedBuildFileExceptionSet section */

/* Begin PBXFileSystemSynchronizedRootGroup section */
		0F77891B2DCE9A41009E8E7E /* DevCycle-iOS-OpenFeature-Example-App-Swift */ = {
			isa = PBXFileSystemSynchronizedRootGroup;
			exceptions = (
				0F9159BD2DD3C2B10028C555 /* Exceptions for "DevCycle-iOS-OpenFeature-Example-App-Swift" folder in "DevCycle-iOS-OpenFeature-Example-App-Swift" target */,
			);
			name = "DevCycle-iOS-OpenFeature-Example-App-Swift";
			path = "OpenFeature-Example-App-Swift";
			sourceTree = "<group>";
		};
/* End PBXFileSystemSynchronizedRootGroup section */

/* Begin PBXFrameworksBuildPhase section */
		0F7789162DCE9A41009E8E7E /* Frameworks */ = {
			isa = PBXFrameworksBuildPhase;
			buildActionMask = 2147483647;
			files = (
				0F7789452DCE9A8A009E8E7E /* DevCycle in Frameworks */,
				0F9158EC2DD3BF2C0028C555 /* DevCycleOpenFeatureProvider in Frameworks */,
			);
			runOnlyForDeploymentPostprocessing = 0;
		};
/* End PBXFrameworksBuildPhase section */

/* Begin PBXGroup section */
		0F7789102DCE9A41009E8E7E = {
			isa = PBXGroup;
			children = (
				0F77891B2DCE9A41009E8E7E /* DevCycle-iOS-OpenFeature-Example-App-Swift */,
				0F77891A2DCE9A41009E8E7E /* Products */,
			);
			sourceTree = "<group>";
		};
		0F77891A2DCE9A41009E8E7E /* Products */ = {
			isa = PBXGroup;
			children = (
				0F7789192DCE9A41009E8E7E /* DevCycle-iOS-OpenFeature-Example-App-Swift.app */,
			);
			name = Products;
			sourceTree = "<group>";
		};
/* End PBXGroup section */

/* Begin PBXNativeTarget section */
		0F7789182DCE9A41009E8E7E /* DevCycle-iOS-OpenFeature-Example-App-Swift */ = {
			isa = PBXNativeTarget;
			buildConfigurationList = 0F77892C2DCE9A43009E8E7E /* Build configuration list for PBXNativeTarget "DevCycle-iOS-OpenFeature-Example-App-Swift" */;
			buildPhases = (
				0F7789152DCE9A41009E8E7E /* Sources */,
				0F7789162DCE9A41009E8E7E /* Frameworks */,
				0F7789172DCE9A41009E8E7E /* Resources */,
			);
			buildRules = (
			);
			dependencies = (
			);
			fileSystemSynchronizedGroups = (
				0F77891B2DCE9A41009E8E7E /* DevCycle-iOS-OpenFeature-Example-App-Swift */,
			);
			name = "DevCycle-iOS-OpenFeature-Example-App-Swift";
			packageProductDependencies = (
				0F7789442DCE9A8A009E8E7E /* DevCycle */,
				0F9158EB2DD3BF2C0028C555 /* DevCycleOpenFeatureProvider */,
			);
			productName = "DevCycle-iOS-OpenFeature-Example-App-Swift";
			productReference = 0F7789192DCE9A41009E8E7E /* DevCycle-iOS-OpenFeature-Example-App-Swift.app */;
			productType = "com.apple.product-type.application";
		};
/* End PBXNativeTarget section */

/* Begin PBXProject section */
		0F7789112DCE9A41009E8E7E /* Project object */ = {
			isa = PBXProject;
			attributes = {
				BuildIndependentTargetsInParallel = 1;
				LastSwiftUpdateCheck = 1630;
				LastUpgradeCheck = 1630;
				TargetAttributes = {
					0F7789182DCE9A41009E8E7E = {
						CreatedOnToolsVersion = 16.3;
					};
				};
			};
			buildConfigurationList = 0F7789142DCE9A41009E8E7E /* Build configuration list for PBXProject "OpenFeature-Example-App-Swift" */;
			developmentRegion = en;
			hasScannedForEncodings = 0;
			knownRegions = (
				en,
				Base,
			);
			mainGroup = 0F7789102DCE9A41009E8E7E;
			minimizedProjectReferenceProxies = 1;
			packageReferences = (
				0F91594A2DD3C1C40028C555 /* XCLocalSwiftPackageReference "../../../DevCycle-OpenFeature-Provider" */,
				0F91594D2DD3C5B40028C555 /* XCLocalSwiftPackageReference "../../../" */,
			);
			preferredProjectObjectVersion = 77;
			productRefGroup = 0F77891A2DCE9A41009E8E7E /* Products */;
			projectDirPath = "";
			projectRoot = "";
			targets = (
				0F7789182DCE9A41009E8E7E /* DevCycle-iOS-OpenFeature-Example-App-Swift */,
			);
		};
/* End PBXProject section */

/* Begin PBXResourcesBuildPhase section */
		0F7789172DCE9A41009E8E7E /* Resources */ = {
			isa = PBXResourcesBuildPhase;
			buildActionMask = 2147483647;
			files = (
				0F9159772DD3CE4C0028C555 /* LaunchScreen.storyboard in Resources */,
				0F91597A2DD3CE950028C555 /* Assets.xcassets in Resources */,
				0F9159782DD3CE4C0028C555 /* Main.storyboard in Resources */,
			);
			runOnlyForDeploymentPostprocessing = 0;
		};
/* End PBXResourcesBuildPhase section */

/* Begin PBXSourcesBuildPhase section */
		0F7789152DCE9A41009E8E7E /* Sources */ = {
			isa = PBXSourcesBuildPhase;
			buildActionMask = 2147483647;
			files = (
				0F9159012DD3CEBC0028C555 /* ViewController.swift in Sources */,
				0F9159022DD3CEBC0028C555 /* AppDelegate.swift in Sources */,
				0F9159032DD3CEBC0028C555 /* SceneDelegate.swift in Sources */,
				0F9159042DD3CEBC0028C555 /* OpenFeatureManager.swift in Sources */,
			);
			runOnlyForDeploymentPostprocessing = 0;
		};
/* End PBXSourcesBuildPhase section */

/* Begin XCBuildConfiguration section */
		0F77892D2DCE9A43009E8E7E /* Debug */ = {
			isa = XCBuildConfiguration;
			buildSettings = {
				ASSETCATALOG_COMPILER_APPICON_NAME = AppIcon;
				ASSETCATALOG_COMPILER_GLOBAL_ACCENT_COLOR_NAME = AccentColor;
				CODE_SIGN_STYLE = Automatic;
				CURRENT_PROJECT_VERSION = 1;
				GENERATE_INFOPLIST_FILE = NO;
				INFOPLIST_FILE = "OpenFeature-Example-App-Swift/Info.plist";
				INFOPLIST_KEY_CFBundleDisplayName = "OpenFeature-Example-App";
				INFOPLIST_KEY_UIApplicationSupportsIndirectInputEvents = YES;
				INFOPLIST_KEY_UILaunchStoryboardName = LaunchScreen;
				INFOPLIST_KEY_UIMainStoryboardFile = Main;
				INFOPLIST_KEY_UISupportedInterfaceOrientations_iPad = "UIInterfaceOrientationPortrait UIInterfaceOrientationPortraitUpsideDown UIInterfaceOrientationLandscapeLeft UIInterfaceOrientationLandscapeRight";
				INFOPLIST_KEY_UISupportedInterfaceOrientations_iPhone = "UIInterfaceOrientationPortrait UIInterfaceOrientationLandscapeLeft UIInterfaceOrientationLandscapeRight";
				LD_RUNPATH_SEARCH_PATHS = (
					"$(inherited)",
					"@executable_path/Frameworks",
				);
				MARKETING_VERSION = 1.0;
				PRODUCT_BUNDLE_IDENTIFIER = "com.DevCycle.DevCycle-iOS-OpenFeature-Example-App-Swift";
				PRODUCT_NAME = "$(TARGET_NAME)";
				SWIFT_EMIT_LOC_STRINGS = YES;
				SWIFT_VERSION = 5.0;
				TARGETED_DEVICE_FAMILY = "1,2";
			};
			name = Debug;
		};
		0F77892E2DCE9A43009E8E7E /* Release */ = {
			isa = XCBuildConfiguration;
			buildSettings = {
				ASSETCATALOG_COMPILER_APPICON_NAME = AppIcon;
				ASSETCATALOG_COMPILER_GLOBAL_ACCENT_COLOR_NAME = AccentColor;
				CODE_SIGN_STYLE = Automatic;
				CURRENT_PROJECT_VERSION = 1;
				GENERATE_INFOPLIST_FILE = NO;
				INFOPLIST_FILE = "OpenFeature-Example-App-Swift/Info.plist";
				INFOPLIST_KEY_CFBundleDisplayName = "OpenFeature-Example-App";
				INFOPLIST_KEY_UIApplicationSupportsIndirectInputEvents = YES;
				INFOPLIST_KEY_UILaunchStoryboardName = LaunchScreen;
				INFOPLIST_KEY_UIMainStoryboardFile = Main;
				INFOPLIST_KEY_UISupportedInterfaceOrientations_iPad = "UIInterfaceOrientationPortrait UIInterfaceOrientationPortraitUpsideDown UIInterfaceOrientationLandscapeLeft UIInterfaceOrientationLandscapeRight";
				INFOPLIST_KEY_UISupportedInterfaceOrientations_iPhone = "UIInterfaceOrientationPortrait UIInterfaceOrientationLandscapeLeft UIInterfaceOrientationLandscapeRight";
				LD_RUNPATH_SEARCH_PATHS = (
					"$(inherited)",
					"@executable_path/Frameworks",
				);
				MARKETING_VERSION = 1.0;
				PRODUCT_BUNDLE_IDENTIFIER = "com.DevCycle.DevCycle-iOS-OpenFeature-Example-App-Swift";
				PRODUCT_NAME = "$(TARGET_NAME)";
				SWIFT_EMIT_LOC_STRINGS = YES;
				SWIFT_VERSION = 5.0;
				TARGETED_DEVICE_FAMILY = "1,2";
			};
			name = Release;
		};
		0F77892F2DCE9A43009E8E7E /* Debug */ = {
			isa = XCBuildConfiguration;
			buildSettings = {
				ALWAYS_SEARCH_USER_PATHS = NO;
				ASSETCATALOG_COMPILER_GENERATE_SWIFT_ASSET_SYMBOL_EXTENSIONS = YES;
				CLANG_ANALYZER_NONNULL = YES;
				CLANG_ANALYZER_NUMBER_OBJECT_CONVERSION = YES_AGGRESSIVE;
				CLANG_CXX_LANGUAGE_STANDARD = "gnu++20";
				CLANG_ENABLE_MODULES = YES;
				CLANG_ENABLE_OBJC_ARC = YES;
				CLANG_ENABLE_OBJC_WEAK = YES;
				CLANG_WARN_BLOCK_CAPTURE_AUTORELEASING = YES;
				CLANG_WARN_BOOL_CONVERSION = YES;
				CLANG_WARN_COMMA = YES;
				CLANG_WARN_CONSTANT_CONVERSION = YES;
				CLANG_WARN_DEPRECATED_OBJC_IMPLEMENTATIONS = YES;
				CLANG_WARN_DIRECT_OBJC_ISA_USAGE = YES_ERROR;
				CLANG_WARN_DOCUMENTATION_COMMENTS = YES;
				CLANG_WARN_EMPTY_BODY = YES;
				CLANG_WARN_ENUM_CONVERSION = YES;
				CLANG_WARN_INFINITE_RECURSION = YES;
				CLANG_WARN_INT_CONVERSION = YES;
				CLANG_WARN_NON_LITERAL_NULL_CONVERSION = YES;
				CLANG_WARN_OBJC_IMPLICIT_RETAIN_SELF = YES;
				CLANG_WARN_OBJC_LITERAL_CONVERSION = YES;
				CLANG_WARN_OBJC_ROOT_CLASS = YES_ERROR;
				CLANG_WARN_QUOTED_INCLUDE_IN_FRAMEWORK_HEADER = YES;
				CLANG_WARN_RANGE_LOOP_ANALYSIS = YES;
				CLANG_WARN_STRICT_PROTOTYPES = YES;
				CLANG_WARN_SUSPICIOUS_MOVE = YES;
				CLANG_WARN_UNGUARDED_AVAILABILITY = YES_AGGRESSIVE;
				CLANG_WARN_UNREACHABLE_CODE = YES;
				CLANG_WARN__DUPLICATE_METHOD_MATCH = YES;
				COPY_PHASE_STRIP = NO;
				DEBUG_INFORMATION_FORMAT = dwarf;
				ENABLE_STRICT_OBJC_MSGSEND = YES;
				ENABLE_TESTABILITY = YES;
				ENABLE_USER_SCRIPT_SANDBOXING = YES;
				GCC_C_LANGUAGE_STANDARD = gnu17;
				GCC_DYNAMIC_NO_PIC = NO;
				GCC_NO_COMMON_BLOCKS = YES;
				GCC_OPTIMIZATION_LEVEL = 0;
				GCC_PREPROCESSOR_DEFINITIONS = (
					"DEBUG=1",
					"$(inherited)",
				);
				GCC_WARN_64_TO_32_BIT_CONVERSION = YES;
				GCC_WARN_ABOUT_RETURN_TYPE = YES_ERROR;
				GCC_WARN_UNDECLARED_SELECTOR = YES;
				GCC_WARN_UNINITIALIZED_AUTOS = YES_AGGRESSIVE;
				GCC_WARN_UNUSED_FUNCTION = YES;
				GCC_WARN_UNUSED_VARIABLE = YES;
				IPHONEOS_DEPLOYMENT_TARGET = 18.4;
				LOCALIZATION_PREFERS_STRING_CATALOGS = YES;
				MTL_ENABLE_DEBUG_INFO = INCLUDE_SOURCE;
				MTL_FAST_MATH = YES;
				ONLY_ACTIVE_ARCH = YES;
				SDKROOT = iphoneos;
				SWIFT_ACTIVE_COMPILATION_CONDITIONS = "DEBUG $(inherited)";
				SWIFT_OPTIMIZATION_LEVEL = "-Onone";
			};
			name = Debug;
		};
		0F7789302DCE9A43009E8E7E /* Release */ = {
			isa = XCBuildConfiguration;
			buildSettings = {
				ALWAYS_SEARCH_USER_PATHS = NO;
				ASSETCATALOG_COMPILER_GENERATE_SWIFT_ASSET_SYMBOL_EXTENSIONS = YES;
				CLANG_ANALYZER_NONNULL = YES;
				CLANG_ANALYZER_NUMBER_OBJECT_CONVERSION = YES_AGGRESSIVE;
				CLANG_CXX_LANGUAGE_STANDARD = "gnu++20";
				CLANG_ENABLE_MODULES = YES;
				CLANG_ENABLE_OBJC_ARC = YES;
				CLANG_ENABLE_OBJC_WEAK = YES;
				CLANG_WARN_BLOCK_CAPTURE_AUTORELEASING = YES;
				CLANG_WARN_BOOL_CONVERSION = YES;
				CLANG_WARN_COMMA = YES;
				CLANG_WARN_CONSTANT_CONVERSION = YES;
				CLANG_WARN_DEPRECATED_OBJC_IMPLEMENTATIONS = YES;
				CLANG_WARN_DIRECT_OBJC_ISA_USAGE = YES_ERROR;
				CLANG_WARN_DOCUMENTATION_COMMENTS = YES;
				CLANG_WARN_EMPTY_BODY = YES;
				CLANG_WARN_ENUM_CONVERSION = YES;
				CLANG_WARN_INFINITE_RECURSION = YES;
				CLANG_WARN_INT_CONVERSION = YES;
				CLANG_WARN_NON_LITERAL_NULL_CONVERSION = YES;
				CLANG_WARN_OBJC_IMPLICIT_RETAIN_SELF = YES;
				CLANG_WARN_OBJC_LITERAL_CONVERSION = YES;
				CLANG_WARN_OBJC_ROOT_CLASS = YES_ERROR;
				CLANG_WARN_QUOTED_INCLUDE_IN_FRAMEWORK_HEADER = YES;
				CLANG_WARN_RANGE_LOOP_ANALYSIS = YES;
				CLANG_WARN_STRICT_PROTOTYPES = YES;
				CLANG_WARN_SUSPICIOUS_MOVE = YES;
				CLANG_WARN_UNGUARDED_AVAILABILITY = YES_AGGRESSIVE;
				CLANG_WARN_UNREACHABLE_CODE = YES;
				CLANG_WARN__DUPLICATE_METHOD_MATCH = YES;
				COPY_PHASE_STRIP = NO;
				DEBUG_INFORMATION_FORMAT = "dwarf-with-dsym";
				ENABLE_NS_ASSERTIONS = NO;
				ENABLE_STRICT_OBJC_MSGSEND = YES;
				ENABLE_USER_SCRIPT_SANDBOXING = YES;
				GCC_C_LANGUAGE_STANDARD = gnu17;
				GCC_NO_COMMON_BLOCKS = YES;
				GCC_WARN_64_TO_32_BIT_CONVERSION = YES;
				GCC_WARN_ABOUT_RETURN_TYPE = YES_ERROR;
				GCC_WARN_UNDECLARED_SELECTOR = YES;
				GCC_WARN_UNINITIALIZED_AUTOS = YES_AGGRESSIVE;
				GCC_WARN_UNUSED_FUNCTION = YES;
				GCC_WARN_UNUSED_VARIABLE = YES;
				IPHONEOS_DEPLOYMENT_TARGET = 18.4;
				LOCALIZATION_PREFERS_STRING_CATALOGS = YES;
				MTL_ENABLE_DEBUG_INFO = NO;
				MTL_FAST_MATH = YES;
				SDKROOT = iphoneos;
				SWIFT_COMPILATION_MODE = wholemodule;
				VALIDATE_PRODUCT = YES;
			};
			name = Release;
		};
/* End XCBuildConfiguration section */

/* Begin XCConfigurationList section */
		0F7789142DCE9A41009E8E7E /* Build configuration list for PBXProject "OpenFeature-Example-App-Swift" */ = {
			isa = XCConfigurationList;
			buildConfigurations = (
				0F77892F2DCE9A43009E8E7E /* Debug */,
				0F7789302DCE9A43009E8E7E /* Release */,
			);
			defaultConfigurationIsVisible = 0;
			defaultConfigurationName = Release;
		};
		0F77892C2DCE9A43009E8E7E /* Build configuration list for PBXNativeTarget "DevCycle-iOS-OpenFeature-Example-App-Swift" */ = {
			isa = XCConfigurationList;
			buildConfigurations = (
				0F77892D2DCE9A43009E8E7E /* Debug */,
				0F77892E2DCE9A43009E8E7E /* Release */,
			);
			defaultConfigurationIsVisible = 0;
			defaultConfigurationName = Release;
		};
/* End XCConfigurationList section */

/* Begin XCLocalSwiftPackageReference section */
		0F91594A2DD3C1C40028C555 /* XCLocalSwiftPackageReference "../../../DevCycle-OpenFeature-Provider" */ = {
			isa = XCLocalSwiftPackageReference;
			relativePath = "../../../DevCycle-OpenFeature-Provider";
		};
		0F91594D2DD3C5B40028C555 /* XCLocalSwiftPackageReference "../../../" */ = {
			isa = XCLocalSwiftPackageReference;
			relativePath = "../../../";
		};
/* End XCLocalSwiftPackageReference section */

/* Begin XCSwiftPackageProductDependency section */
		0F7789442DCE9A8A009E8E7E /* DevCycle */ = {
			isa = XCSwiftPackageProductDependency;
			package = 0F91594D2DD3C5B40028C555 /* XCLocalSwiftPackageReference "../../../" */;
			productName = DevCycle;
		};
		0F9158EB2DD3BF2C0028C555 /* DevCycleOpenFeatureProvider */ = {
			isa = XCSwiftPackageProductDependency;
			package = 0F91594A2DD3C1C40028C555 /* XCLocalSwiftPackageReference "../../../DevCycle-OpenFeature-Provider" */;
			productName = DevCycleOpenFeatureProvider;
		};
/* End XCSwiftPackageProductDependency section */
	};
	rootObject = 0F7789112DCE9A41009E8E7E /* Project object */;
}
