// !$*UTF8*$!
{
	archiveVersion = 1;
	classes = {
	};
	objectVersion = 55;
	objects = {

/* Begin PBXBuildFile section */
		52A486D0278626E700DABA34 /* AppDelegate.m in Sources */ = {isa = PBXBuildFile; fileRef = 52A486CF278626E700DABA34 /* AppDelegate.m */; };
		52A486D3278626E700DABA34 /* SceneDelegate.m in Sources */ = {isa = PBXBuildFile; fileRef = 52A486D2278626E700DABA34 /* SceneDelegate.m */; };
		52A486D6278626E700DABA34 /* ViewController.m in Sources */ = {isa = PBXBuildFile; fileRef = 52A486D5278626E700DABA34 /* ViewController.m */; };
		52A486D9278626E700DABA34 /* Main.storyboard in Resources */ = {isa = PBXBuildFile; fileRef = 52A486D7278626E700DABA34 /* Main.storyboard */; };
		52A486DB278626EC00DABA34 /* Assets.xcassets in Resources */ = {isa = PBXBuildFile; fileRef = 52A486DA278626EC00DABA34 /* Assets.xcassets */; };
		52A486DE278626EC00DABA34 /* LaunchScreen.storyboard in Resources */ = {isa = PBXBuildFile; fileRef = 52A486DC278626EC00DABA34 /* LaunchScreen.storyboard */; };
		52A486E1278626EC00DABA34 /* main.m in Sources */ = {isa = PBXBuildFile; fileRef = 52A486E0278626EC00DABA34 /* main.m */; };
		52A486F6278627A400DABA34 /* DevCycleManager.m in Sources */ = {isa = PBXBuildFile; fileRef = 52A486F5278627A400DABA34 /* DevCycleManager.m */; };
		E9004648DD8873F44150C488 /* Pods_DevCycle_Example_App_ObjC.framework in Frameworks */ = {isa = PBXBuildFile; fileRef = 9D4F33A6149AE0F41A7DA6EB /* Pods_DevCycle_Example_App_ObjC.framework */; };
/* End PBXBuildFile section */

/* Begin PBXFileReference section */
		52A486CB278626E700DABA34 /* DevCycle-Example-App-ObjC.app */ = {isa = PBXFileReference; explicitFileType = wrapper.application; includeInIndex = 0; path = "DevCycle-Example-App-ObjC.app"; sourceTree = BUILT_PRODUCTS_DIR; };
		52A486CE278626E700DABA34 /* AppDelegate.h */ = {isa = PBXFileReference; lastKnownFileType = sourcecode.c.h; path = AppDelegate.h; sourceTree = "<group>"; };
		52A486CF278626E700DABA34 /* AppDelegate.m */ = {isa = PBXFileReference; lastKnownFileType = sourcecode.c.objc; path = AppDelegate.m; sourceTree = "<group>"; };
		52A486D1278626E700DABA34 /* SceneDelegate.h */ = {isa = PBXFileReference; lastKnownFileType = sourcecode.c.h; path = SceneDelegate.h; sourceTree = "<group>"; };
		52A486D2278626E700DABA34 /* SceneDelegate.m */ = {isa = PBXFileReference; lastKnownFileType = sourcecode.c.objc; path = SceneDelegate.m; sourceTree = "<group>"; };
		52A486D4278626E700DABA34 /* ViewController.h */ = {isa = PBXFileReference; lastKnownFileType = sourcecode.c.h; path = ViewController.h; sourceTree = "<group>"; };
		52A486D5278626E700DABA34 /* ViewController.m */ = {isa = PBXFileReference; lastKnownFileType = sourcecode.c.objc; path = ViewController.m; sourceTree = "<group>"; };
		52A486D8278626E700DABA34 /* Base */ = {isa = PBXFileReference; lastKnownFileType = file.storyboard; name = Base; path = Base.lproj/Main.storyboard; sourceTree = "<group>"; };
		52A486DA278626EC00DABA34 /* Assets.xcassets */ = {isa = PBXFileReference; lastKnownFileType = folder.assetcatalog; path = Assets.xcassets; sourceTree = "<group>"; };
		52A486DD278626EC00DABA34 /* Base */ = {isa = PBXFileReference; lastKnownFileType = file.storyboard; name = Base; path = Base.lproj/LaunchScreen.storyboard; sourceTree = "<group>"; };
		52A486DF278626EC00DABA34 /* Info.plist */ = {isa = PBXFileReference; lastKnownFileType = text.plist.xml; path = Info.plist; sourceTree = "<group>"; };
		52A486E0278626EC00DABA34 /* main.m */ = {isa = PBXFileReference; lastKnownFileType = sourcecode.c.objc; path = main.m; sourceTree = "<group>"; };
		52A486F4278627A400DABA34 /* DevCycleManager.h */ = {isa = PBXFileReference; lastKnownFileType = sourcecode.c.h; path = DevCycleManager.h; sourceTree = "<group>"; };
		52A486F5278627A400DABA34 /* DevCycleManager.m */ = {isa = PBXFileReference; lastKnownFileType = sourcecode.c.objc; path = DevCycleManager.m; sourceTree = "<group>"; };
		69B9046F777B136269BDF0FE /* Pods-DevCycle-Example-App-ObjC.release.xcconfig */ = {isa = PBXFileReference; includeInIndex = 1; lastKnownFileType = text.xcconfig; name = "Pods-DevCycle-Example-App-ObjC.release.xcconfig"; path = "Target Support Files/Pods-DevCycle-Example-App-ObjC/Pods-DevCycle-Example-App-ObjC.release.xcconfig"; sourceTree = "<group>"; };
		9D4F33A6149AE0F41A7DA6EB /* Pods_DevCycle_Example_App_ObjC.framework */ = {isa = PBXFileReference; explicitFileType = wrapper.framework; includeInIndex = 0; path = Pods_DevCycle_Example_App_ObjC.framework; sourceTree = BUILT_PRODUCTS_DIR; };
		E403D3D0E1146EA3B7C15DC3 /* Pods-DevCycle-Example-App-ObjC.debug.xcconfig */ = {isa = PBXFileReference; includeInIndex = 1; lastKnownFileType = text.xcconfig; name = "Pods-DevCycle-Example-App-ObjC.debug.xcconfig"; path = "Target Support Files/Pods-DevCycle-Example-App-ObjC/Pods-DevCycle-Example-App-ObjC.debug.xcconfig"; sourceTree = "<group>"; };
/* End PBXFileReference section */

/* Begin PBXFrameworksBuildPhase section */
		52A486C8278626E700DABA34 /* Frameworks */ = {
			isa = PBXFrameworksBuildPhase;
			buildActionMask = 2147483647;
			files = (
				E9004648DD8873F44150C488 /* Pods_DevCycle_Example_App_ObjC.framework in Frameworks */,
			);
			runOnlyForDeploymentPostprocessing = 0;
		};
/* End PBXFrameworksBuildPhase section */

/* Begin PBXGroup section */
		52A486C2278626E700DABA34 = {
			isa = PBXGroup;
			children = (
				52A486CD278626E700DABA34 /* DevCycle-Example-App-ObjC */,
				52A486CC278626E700DABA34 /* Products */,
				52A486F12786275800DABA34 /* Frameworks */,
				60F1CC52F9DD7675983D9A12 /* Pods */,
			);
			sourceTree = "<group>";
		};
		52A486CC278626E700DABA34 /* Products */ = {
			isa = PBXGroup;
			children = (
				52A486CB278626E700DABA34 /* DevCycle-Example-App-ObjC.app */,
			);
			name = Products;
			sourceTree = "<group>";
		};
		52A486CD278626E700DABA34 /* DevCycle-Example-App-ObjC */ = {
			isa = PBXGroup;
			children = (
				52A486F32786276000DABA34 /* Managers */,
				52A486CE278626E700DABA34 /* AppDelegate.h */,
				52A486CF278626E700DABA34 /* AppDelegate.m */,
				52A486D1278626E700DABA34 /* SceneDelegate.h */,
				52A486D2278626E700DABA34 /* SceneDelegate.m */,
				52A486D4278626E700DABA34 /* ViewController.h */,
				52A486D5278626E700DABA34 /* ViewController.m */,
				52A486D7278626E700DABA34 /* Main.storyboard */,
				52A486DA278626EC00DABA34 /* Assets.xcassets */,
				52A486DC278626EC00DABA34 /* LaunchScreen.storyboard */,
				52A486DF278626EC00DABA34 /* Info.plist */,
				52A486E0278626EC00DABA34 /* main.m */,
			);
			path = "DevCycle-Example-App-ObjC";
			sourceTree = "<group>";
		};
		52A486F12786275800DABA34 /* Frameworks */ = {
			isa = PBXGroup;
			children = (
				9D4F33A6149AE0F41A7DA6EB /* Pods_DevCycle_Example_App_ObjC.framework */,
			);
			name = Frameworks;
			sourceTree = "<group>";
		};
		52A486F32786276000DABA34 /* Managers */ = {
			isa = PBXGroup;
			children = (
				52A486F4278627A400DABA34 /* DevCycleManager.h */,
				52A486F5278627A400DABA34 /* DevCycleManager.m */,
			);
			path = Managers;
			sourceTree = "<group>";
		};
		60F1CC52F9DD7675983D9A12 /* Pods */ = {
			isa = PBXGroup;
			children = (
				E403D3D0E1146EA3B7C15DC3 /* Pods-DevCycle-Example-App-ObjC.debug.xcconfig */,
				69B9046F777B136269BDF0FE /* Pods-DevCycle-Example-App-ObjC.release.xcconfig */,
			);
			name = Pods;
			path = Pods;
			sourceTree = "<group>";
		};
/* End PBXGroup section */

/* Begin PBXNativeTarget section */
		52A486CA278626E700DABA34 /* DevCycle-Example-App-ObjC */ = {
			isa = PBXNativeTarget;
			buildConfigurationList = 52A486E4278626EC00DABA34 /* Build configuration list for PBXNativeTarget "DevCycle-Example-App-ObjC" */;
			buildPhases = (
				9CF39194D65489E448F02A61 /* [CP] Check Pods Manifest.lock */,
				52A486C7278626E700DABA34 /* Sources */,
				52A486C8278626E700DABA34 /* Frameworks */,
				52A486C9278626E700DABA34 /* Resources */,
				6515F072FE72C07269566068 /* [CP] Embed Pods Frameworks */,
			);
			buildRules = (
			);
			dependencies = (
			);
			name = "DevCycle-Example-App-ObjC";
			productName = "DevCycle-Example-App-ObjC";
			productReference = 52A486CB278626E700DABA34 /* DevCycle-Example-App-ObjC.app */;
			productType = "com.apple.product-type.application";
		};
/* End PBXNativeTarget section */

/* Begin PBXProject section */
		52A486C3278626E700DABA34 /* Project object */ = {
			isa = PBXProject;
			attributes = {
				BuildIndependentTargetsInParallel = 1;
				LastUpgradeCheck = 1310;
				TargetAttributes = {
					52A486CA278626E700DABA34 = {
						CreatedOnToolsVersion = 13.1;
					};
				};
			};
			buildConfigurationList = 52A486C6278626E700DABA34 /* Build configuration list for PBXProject "DevCycle-Example-App-ObjC" */;
			compatibilityVersion = "Xcode 13.0";
			developmentRegion = en;
			hasScannedForEncodings = 0;
			knownRegions = (
				en,
				Base,
			);
			mainGroup = 52A486C2278626E700DABA34;
			productRefGroup = 52A486CC278626E700DABA34 /* Products */;
			projectDirPath = "";
			projectRoot = "";
			targets = (
				52A486CA278626E700DABA34 /* DevCycle-Example-App-ObjC */,
			);
		};
/* End PBXProject section */

/* Begin PBXResourcesBuildPhase section */
		52A486C9278626E700DABA34 /* Resources */ = {
			isa = PBXResourcesBuildPhase;
			buildActionMask = 2147483647;
			files = (
				52A486DE278626EC00DABA34 /* LaunchScreen.storyboard in Resources */,
				52A486DB278626EC00DABA34 /* Assets.xcassets in Resources */,
				52A486D9278626E700DABA34 /* Main.storyboard in Resources */,
			);
			runOnlyForDeploymentPostprocessing = 0;
		};
/* End PBXResourcesBuildPhase section */

/* Begin PBXShellScriptBuildPhase section */
		6515F072FE72C07269566068 /* [CP] Embed Pods Frameworks */ = {
			isa = PBXShellScriptBuildPhase;
			buildActionMask = 2147483647;
			files = (
			);
			inputFileListPaths = (
				"${PODS_ROOT}/Target Support Files/Pods-DevCycle-Example-App-ObjC/Pods-DevCycle-Example-App-ObjC-frameworks-${CONFIGURATION}-input-files.xcfilelist",
			);
			name = "[CP] Embed Pods Frameworks";
			outputFileListPaths = (
				"${PODS_ROOT}/Target Support Files/Pods-DevCycle-Example-App-ObjC/Pods-DevCycle-Example-App-ObjC-frameworks-${CONFIGURATION}-output-files.xcfilelist",
			);
			runOnlyForDeploymentPostprocessing = 0;
			shellPath = /bin/sh;
			shellScript = "\"${PODS_ROOT}/Target Support Files/Pods-DevCycle-Example-App-ObjC/Pods-DevCycle-Example-App-ObjC-frameworks.sh\"\n";
			showEnvVarsInLog = 0;
		};
		9CF39194D65489E448F02A61 /* [CP] Check Pods Manifest.lock */ = {
			isa = PBXShellScriptBuildPhase;
			buildActionMask = 2147483647;
			files = (
			);
			inputFileListPaths = (
			);
			inputPaths = (
				"${PODS_PODFILE_DIR_PATH}/Podfile.lock",
				"${PODS_ROOT}/Manifest.lock",
			);
			name = "[CP] Check Pods Manifest.lock";
			outputFileListPaths = (
			);
			outputPaths = (
				"$(DERIVED_FILE_DIR)/Pods-DevCycle-Example-App-ObjC-checkManifestLockResult.txt",
			);
			runOnlyForDeploymentPostprocessing = 0;
			shellPath = /bin/sh;
			shellScript = "diff \"${PODS_PODFILE_DIR_PATH}/Podfile.lock\" \"${PODS_ROOT}/Manifest.lock\" > /dev/null\nif [ $? != 0 ] ; then\n    # print error to STDERR\n    echo \"error: The sandbox is not in sync with the Podfile.lock. Run 'pod install' or update your CocoaPods installation.\" >&2\n    exit 1\nfi\n# This output is used by Xcode 'outputs' to avoid re-running this script phase.\necho \"SUCCESS\" > \"${SCRIPT_OUTPUT_FILE_0}\"\n";
			showEnvVarsInLog = 0;
		};
/* End PBXShellScriptBuildPhase section */

/* Begin PBXSourcesBuildPhase section */
		52A486C7278626E700DABA34 /* Sources */ = {
			isa = PBXSourcesBuildPhase;
			buildActionMask = 2147483647;
			files = (
				52A486D6278626E700DABA34 /* ViewController.m in Sources */,
				52A486F6278627A400DABA34 /* DevCycleManager.m in Sources */,
				52A486D0278626E700DABA34 /* AppDelegate.m in Sources */,
				52A486E1278626EC00DABA34 /* main.m in Sources */,
				52A486D3278626E700DABA34 /* SceneDelegate.m in Sources */,
			);
			runOnlyForDeploymentPostprocessing = 0;
		};
/* End PBXSourcesBuildPhase section */

/* Begin PBXVariantGroup section */
		52A486D7278626E700DABA34 /* Main.storyboard */ = {
			isa = PBXVariantGroup;
			children = (
				52A486D8278626E700DABA34 /* Base */,
			);
			name = Main.storyboard;
			sourceTree = "<group>";
		};
		52A486DC278626EC00DABA34 /* LaunchScreen.storyboard */ = {
			isa = PBXVariantGroup;
			children = (
				52A486DD278626EC00DABA34 /* Base */,
			);
			name = LaunchScreen.storyboard;
			sourceTree = "<group>";
		};
/* End PBXVariantGroup section */

/* Begin XCBuildConfiguration section */
		52A486E2278626EC00DABA34 /* Debug */ = {
			isa = XCBuildConfiguration;
			buildSettings = {
				ALWAYS_SEARCH_USER_PATHS = NO;
				CLANG_ANALYZER_NONNULL = YES;
				CLANG_ANALYZER_NUMBER_OBJECT_CONVERSION = YES_AGGRESSIVE;
				CLANG_CXX_LANGUAGE_STANDARD = "gnu++17";
				CLANG_CXX_LIBRARY = "libc++";
				CLANG_ENABLE_MODULES = YES;
				CLANG_ENABLE_OBJC_ARC = YES;
				CLANG_ENABLE_OBJC_WEAK = YES;
				CLANG_WARN_BLOCK_CAPTURE_AUTORELEASING = YES;
				CLANG_WARN_BOOL_CONVERSION = YES;
				CLANG_WARN_COMMA = YES;
				CLANG_WARN_CONSTANT_CONVERSION = YES;
				CLANG_WARN_DEPRECATED_OBJC_IMPLEMENTATIONS = YES;
				CLANG_WARN_DIRECT_OBJC_ISA_USAGE = YES_ERROR;
				CLANG_WARN_DOCUMENTATION_COMMENTS = YES;
				CLANG_WARN_EMPTY_BODY = YES;
				CLANG_WARN_ENUM_CONVERSION = YES;
				CLANG_WARN_INFINITE_RECURSION = YES;
				CLANG_WARN_INT_CONVERSION = YES;
				CLANG_WARN_NON_LITERAL_NULL_CONVERSION = YES;
				CLANG_WARN_OBJC_IMPLICIT_RETAIN_SELF = YES;
				CLANG_WARN_OBJC_LITERAL_CONVERSION = YES;
				CLANG_WARN_OBJC_ROOT_CLASS = YES_ERROR;
				CLANG_WARN_QUOTED_INCLUDE_IN_FRAMEWORK_HEADER = YES;
				CLANG_WARN_RANGE_LOOP_ANALYSIS = YES;
				CLANG_WARN_STRICT_PROTOTYPES = YES;
				CLANG_WARN_SUSPICIOUS_MOVE = YES;
				CLANG_WARN_UNGUARDED_AVAILABILITY = YES_AGGRESSIVE;
				CLANG_WARN_UNREACHABLE_CODE = YES;
				CLANG_WARN__DUPLICATE_METHOD_MATCH = YES;
				COPY_PHASE_STRIP = NO;
				DEBUG_INFORMATION_FORMAT = dwarf;
				ENABLE_STRICT_OBJC_MSGSEND = YES;
				ENABLE_TESTABILITY = YES;
				GCC_C_LANGUAGE_STANDARD = gnu11;
				GCC_DYNAMIC_NO_PIC = NO;
				GCC_NO_COMMON_BLOCKS = YES;
				GCC_OPTIMIZATION_LEVEL = 0;
				GCC_PREPROCESSOR_DEFINITIONS = (
					"DEBUG=1",
					"$(inherited)",
				);
				GCC_WARN_64_TO_32_BIT_CONVERSION = YES;
				GCC_WARN_ABOUT_RETURN_TYPE = YES_ERROR;
				GCC_WARN_UNDECLARED_SELECTOR = YES;
				GCC_WARN_UNINITIALIZED_AUTOS = YES_AGGRESSIVE;
				GCC_WARN_UNUSED_FUNCTION = YES;
				GCC_WARN_UNUSED_VARIABLE = YES;
				IPHONEOS_DEPLOYMENT_TARGET = 15.0;
				MTL_ENABLE_DEBUG_INFO = INCLUDE_SOURCE;
				MTL_FAST_MATH = YES;
				ONLY_ACTIVE_ARCH = YES;
				SDKROOT = iphoneos;
			};
			name = Debug;
		};
		52A486E3278626EC00DABA34 /* Release */ = {
			isa = XCBuildConfiguration;
			buildSettings = {
				ALWAYS_SEARCH_USER_PATHS = NO;
				CLANG_ANALYZER_NONNULL = YES;
				CLANG_ANALYZER_NUMBER_OBJECT_CONVERSION = YES_AGGRESSIVE;
				CLANG_CXX_LANGUAGE_STANDARD = "gnu++17";
				CLANG_CXX_LIBRARY = "libc++";
				CLANG_ENABLE_MODULES = YES;
				CLANG_ENABLE_OBJC_ARC = YES;
				CLANG_ENABLE_OBJC_WEAK = YES;
				CLANG_WARN_BLOCK_CAPTURE_AUTORELEASING = YES;
				CLANG_WARN_BOOL_CONVERSION = YES;
				CLANG_WARN_COMMA = YES;
				CLANG_WARN_CONSTANT_CONVERSION = YES;
				CLANG_WARN_DEPRECATED_OBJC_IMPLEMENTATIONS = YES;
				CLANG_WARN_DIRECT_OBJC_ISA_USAGE = YES_ERROR;
				CLANG_WARN_DOCUMENTATION_COMMENTS = YES;
				CLANG_WARN_EMPTY_BODY = YES;
				CLANG_WARN_ENUM_CONVERSION = YES;
				CLANG_WARN_INFINITE_RECURSION = YES;
				CLANG_WARN_INT_CONVERSION = YES;
				CLANG_WARN_NON_LITERAL_NULL_CONVERSION = YES;
				CLANG_WARN_OBJC_IMPLICIT_RETAIN_SELF = YES;
				CLANG_WARN_OBJC_LITERAL_CONVERSION = YES;
				CLANG_WARN_OBJC_ROOT_CLASS = YES_ERROR;
				CLANG_WARN_QUOTED_INCLUDE_IN_FRAMEWORK_HEADER = YES;
				CLANG_WARN_RANGE_LOOP_ANALYSIS = YES;
				CLANG_WARN_STRICT_PROTOTYPES = YES;
				CLANG_WARN_SUSPICIOUS_MOVE = YES;
				CLANG_WARN_UNGUARDED_AVAILABILITY = YES_AGGRESSIVE;
				CLANG_WARN_UNREACHABLE_CODE = YES;
				CLANG_WARN__DUPLICATE_METHOD_MATCH = YES;
				COPY_PHASE_STRIP = NO;
				DEBUG_INFORMATION_FORMAT = "dwarf-with-dsym";
				ENABLE_NS_ASSERTIONS = NO;
				ENABLE_STRICT_OBJC_MSGSEND = YES;
				GCC_C_LANGUAGE_STANDARD = gnu11;
				GCC_NO_COMMON_BLOCKS = YES;
				GCC_WARN_64_TO_32_BIT_CONVERSION = YES;
				GCC_WARN_ABOUT_RETURN_TYPE = YES_ERROR;
				GCC_WARN_UNDECLARED_SELECTOR = YES;
				GCC_WARN_UNINITIALIZED_AUTOS = YES_AGGRESSIVE;
				GCC_WARN_UNUSED_FUNCTION = YES;
				GCC_WARN_UNUSED_VARIABLE = YES;
				IPHONEOS_DEPLOYMENT_TARGET = 15.0;
				MTL_ENABLE_DEBUG_INFO = NO;
				MTL_FAST_MATH = YES;
				SDKROOT = iphoneos;
				VALIDATE_PRODUCT = YES;
			};
			name = Release;
		};
		52A486E5278626EC00DABA34 /* Debug */ = {
			isa = XCBuildConfiguration;
			baseConfigurationReference = E403D3D0E1146EA3B7C15DC3 /* Pods-DevCycle-Example-App-ObjC.debug.xcconfig */;
			buildSettings = {
				ASSETCATALOG_COMPILER_APPICON_NAME = AppIcon;
				ASSETCATALOG_COMPILER_GLOBAL_ACCENT_COLOR_NAME = AccentColor;
				CODE_SIGN_STYLE = Automatic;
				CURRENT_PROJECT_VERSION = 1;
				DEVELOPMENT_TEAM = ASZYP8H6QE;
				GENERATE_INFOPLIST_FILE = YES;
				INFOPLIST_FILE = "DevCycle-Example-App-ObjC/Info.plist";
				INFOPLIST_KEY_UIApplicationSupportsIndirectInputEvents = YES;
				INFOPLIST_KEY_UILaunchStoryboardName = LaunchScreen;
				INFOPLIST_KEY_UIMainStoryboardFile = Main;
				INFOPLIST_KEY_UISupportedInterfaceOrientations_iPad = "UIInterfaceOrientationPortrait UIInterfaceOrientationPortraitUpsideDown UIInterfaceOrientationLandscapeLeft UIInterfaceOrientationLandscapeRight";
				INFOPLIST_KEY_UISupportedInterfaceOrientations_iPhone = "UIInterfaceOrientationPortrait UIInterfaceOrientationLandscapeLeft UIInterfaceOrientationLandscapeRight";
				LD_RUNPATH_SEARCH_PATHS = (
					"$(inherited)",
					"@executable_path/Frameworks",
				);
				MARKETING_VERSION = 1.0;
				PRODUCT_BUNDLE_IDENTIFIER = "com.devcycle.DevCycle-Example-App-ObjC";
				PRODUCT_NAME = "$(TARGET_NAME)";
				SWIFT_EMIT_LOC_STRINGS = YES;
				TARGETED_DEVICE_FAMILY = "1,2";
			};
			name = Debug;
		};
		52A486E6278626EC00DABA34 /* Release */ = {
			isa = XCBuildConfiguration;
			baseConfigurationReference = 69B9046F777B136269BDF0FE /* Pods-DevCycle-Example-App-ObjC.release.xcconfig */;
			buildSettings = {
				ASSETCATALOG_COMPILER_APPICON_NAME = AppIcon;
				ASSETCATALOG_COMPILER_GLOBAL_ACCENT_COLOR_NAME = AccentColor;
				CODE_SIGN_STYLE = Automatic;
				CURRENT_PROJECT_VERSION = 1;
				DEVELOPMENT_TEAM = ASZYP8H6QE;
				GENERATE_INFOPLIST_FILE = YES;
				INFOPLIST_FILE = "DevCycle-Example-App-ObjC/Info.plist";
				INFOPLIST_KEY_UIApplicationSupportsIndirectInputEvents = YES;
				INFOPLIST_KEY_UILaunchStoryboardName = LaunchScreen;
				INFOPLIST_KEY_UIMainStoryboardFile = Main;
				INFOPLIST_KEY_UISupportedInterfaceOrientations_iPad = "UIInterfaceOrientationPortrait UIInterfaceOrientationPortraitUpsideDown UIInterfaceOrientationLandscapeLeft UIInterfaceOrientationLandscapeRight";
				INFOPLIST_KEY_UISupportedInterfaceOrientations_iPhone = "UIInterfaceOrientationPortrait UIInterfaceOrientationLandscapeLeft UIInterfaceOrientationLandscapeRight";
				LD_RUNPATH_SEARCH_PATHS = (
					"$(inherited)",
					"@executable_path/Frameworks",
				);
				MARKETING_VERSION = 1.0;
				PRODUCT_BUNDLE_IDENTIFIER = "com.devcycle.DevCycle-Example-App-ObjC";
				PRODUCT_NAME = "$(TARGET_NAME)";
				SWIFT_EMIT_LOC_STRINGS = YES;
				TARGETED_DEVICE_FAMILY = "1,2";
			};
			name = Release;
		};
/* End XCBuildConfiguration section */

/* Begin XCConfigurationList section */
		52A486C6278626E700DABA34 /* Build configuration list for PBXProject "DevCycle-Example-App-ObjC" */ = {
			isa = XCConfigurationList;
			buildConfigurations = (
				52A486E2278626EC00DABA34 /* Debug */,
				52A486E3278626EC00DABA34 /* Release */,
			);
			defaultConfigurationIsVisible = 0;
			defaultConfigurationName = Release;
		};
		52A486E4278626EC00DABA34 /* Build configuration list for PBXNativeTarget "DevCycle-Example-App-ObjC" */ = {
			isa = XCConfigurationList;
			buildConfigurations = (
				52A486E5278626EC00DABA34 /* Debug */,
				52A486E6278626EC00DABA34 /* Release */,
			);
			defaultConfigurationIsVisible = 0;
			defaultConfigurationName = Release;
		};
/* End XCConfigurationList section */
	};
	rootObject = 52A486C3278626E700DABA34 /* Project object */;
}
